{
  "version": 4,
  "terraform_version": "1.11.4",
  "serial": 17,
  "lineage": "cf3d7982-fa3e-b6ba-d37b-a5eb535e4e77",
  "outputs": {},
  "resources": [
    {
      "mode": "data",
      "type": "azurerm_client_config",
      "name": "current",
      "provider": "provider[\"registry.terraform.io/hashicorp/azurerm\"]",
      "instances": [
        {
          "schema_version": 0,
          "attributes": {
            "client_id": "04b07795-8ddb-461a-bbee-02f9e1bf7b46",
            "id": "Y2xpZW50Q29uZmlncy9jbGllbnRJZD0wNGIwNzc5NS04ZGRiLTQ2MWEtYmJlZS0wMmY5ZTFiZjdiNDY7b2JqZWN0SWQ9ZmY2MDQxZjAtNzIzOS00MTMzLWJiZjItYzQxMzUzOGQxZTUzO3N1YnNjcmlwdGlvbklkPTdlNmE2NjFjLThmOWYtNDE0OS1iMGRmLTVhMDFhYmVhMGE4ZTt0ZW5hbnRJZD1iNDFiNzJkMC00ZTlmLTRjMjYtOGE2OS1mOTQ5ZjM2N2M5MWQ=",
            "object_id": "ff6041f0-7239-4133-bbf2-c413538d1e53",
            "subscription_id": "7e6a661c-8f9f-4149-b0df-5a01abea0a8e",
            "tenant_id": "b41b72d0-4e9f-4c26-8a69-f949f367c91d",
            "timeouts": null
          },
          "sensitive_attributes": []
        }
      ]
    },
    {
      "mode": "managed",
      "type": "azurerm_resource_group",
      "name": "rg",
      "provider": "provider[\"registry.terraform.io/hashicorp/azurerm\"]",
      "instances": [
        {
          "schema_version": 0,
          "attributes": {
            "id": "/subscriptions/7e6a661c-8f9f-4149-b0df-5a01abea0a8e/resourceGroups/cmtr-2olzzm40-mod8-rg",
            "location": "eastus",
            "managed_by": "",
            "name": "cmtr-2olzzm40-mod8-rg",
            "tags": {
              "Creator": "megha_kumari1@epam.com"
            },
            "timeouts": null
          },
          "sensitive_attributes": [],
          "private": "eyJlMmJmYjczMC1lY2FhLTExZTYtOGY4OC0zNDM2M2JjN2M0YzAiOnsiY3JlYXRlIjo1NDAwMDAwMDAwMDAwLCJkZWxldGUiOjU0MDAwMDAwMDAwMDAsInJlYWQiOjMwMDAwMDAwMDAwMCwidXBkYXRlIjo1NDAwMDAwMDAwMDAwfX0="
        }
      ]
    },
    {
      "module": "module.acr",
      "mode": "managed",
      "type": "azurerm_container_registry",
      "name": "acr",
      "provider": "provider[\"registry.terraform.io/hashicorp/azurerm\"]",
      "instances": [
        {
          "schema_version": 2,
          "attributes": {
            "admin_enabled": true,
            "admin_password": "NmbSN7pqPr/mLjsDt1/ikVbnEF/gY/8AuWgk7IouwT+ACRA5Vz1Z",
            "admin_username": "cmtr2olzzm40mod8cr",
            "anonymous_pull_enabled": false,
            "data_endpoint_enabled": false,
            "encryption": [
              {
                "enabled": false,
                "identity_client_id": "",
                "key_vault_key_id": ""
              }
            ],
            "export_policy_enabled": true,
            "georeplications": [],
            "id": "/subscriptions/7e6a661c-8f9f-4149-b0df-5a01abea0a8e/resourceGroups/cmtr-2olzzm40-mod8-rg/providers/Microsoft.ContainerRegistry/registries/cmtr2olzzm40mod8cr",
            "identity": [],
            "location": "eastus",
            "login_server": "cmtr2olzzm40mod8cr.azurecr.io",
            "name": "cmtr2olzzm40mod8cr",
            "network_rule_bypass_option": "AzureServices",
            "network_rule_set": [],
            "public_network_access_enabled": true,
            "quarantine_policy_enabled": false,
            "resource_group_name": "cmtr-2olzzm40-mod8-rg",
            "retention_policy": [
              {
                "days": 7,
                "enabled": false
              }
            ],
            "sku": "Basic",
            "tags": {
              "Creator": "megha_kumari1@epam.com"
            },
            "timeouts": null,
            "trust_policy": [
              {
                "enabled": false
              }
            ],
            "zone_redundancy_enabled": false
          },
          "sensitive_attributes": [
            [
              {
                "type": "get_attr",
                "value": "admin_password"
              }
            ]
          ],
          "private": "eyJlMmJmYjczMC1lY2FhLTExZTYtOGY4OC0zNDM2M2JjN2M0YzAiOnsiY3JlYXRlIjoxODAwMDAwMDAwMDAwLCJkZWxldGUiOjE4MDAwMDAwMDAwMDAsInJlYWQiOjMwMDAwMDAwMDAwMCwidXBkYXRlIjoxODAwMDAwMDAwMDAwfSwic2NoZW1hX3ZlcnNpb24iOiIyIn0=",
          "dependencies": [
            "azurerm_resource_group.rg"
          ]
        }
      ]
    },
    {
      "module": "module.acr",
      "mode": "managed",
      "type": "azurerm_container_registry_task",
      "name": "build_task",
      "provider": "provider[\"registry.terraform.io/hashicorp/azurerm\"]",
      "instances": [
        {
          "schema_version": 0,
          "attributes": {
            "agent_pool_name": "",
            "agent_setting": [],
            "base_image_trigger": [],
            "container_registry_id": "/subscriptions/7e6a661c-8f9f-4149-b0df-5a01abea0a8e/resourceGroups/cmtr-2olzzm40-mod8-rg/providers/Microsoft.ContainerRegistry/registries/cmtr2olzzm40mod8cr",
            "docker_step": [
              {
                "arguments": null,
                "cache_enabled": true,
                "context_access_token": "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",
                "context_path": "https://github.com/Megha0404/Task081.git",
                "dockerfile_path": "task08/application/Dockerfile",
                "image_names": [
                  "cmtr-2olzzm40-mod8-app:{{.Run.ID}}"
                ],
                "push_enabled": true,
                "secret_arguments": null,
                "target": ""
              }
            ],
            "enabled": true,
            "encoded_step": [],
            "file_step": [],
            "id": "/subscriptions/7e6a661c-8f9f-4149-b0df-5a01abea0a8e/resourceGroups/cmtr-2olzzm40-mod8-rg/providers/Microsoft.ContainerRegistry/registries/cmtr2olzzm40mod8cr/tasks/cmtr2olzzm40mod8cr-build-task",
            "identity": [],
            "is_system_task": false,
            "log_template": "",
            "name": "cmtr2olzzm40mod8cr-build-task",
            "platform": [
              {
                "architecture": "",
                "os": "Linux",
                "variant": ""
              }
            ],
            "registry_credential": [],
            "source_trigger": [],
            "tags": null,
            "timeout_in_seconds": 3600,
            "timeouts": null,
            "timer_trigger": [
              {
                "enabled": true,
                "name": "build-schedule",
                "schedule": "0 0 * * *"
              }
            ]
          },
          "sensitive_attributes": [
            [
              {
                "type": "get_attr",
                "value": "docker_step"
              },
              {
                "type": "index",
                "value": {
                  "value": 0,
                  "type": "number"
                }
              },
              {
                "type": "get_attr",
                "value": "secret_arguments"
              }
            ],
            [
              {
                "type": "get_attr",
                "value": "docker_step"
              },
              {
                "type": "index",
                "value": {
                  "value": 0,
                  "type": "number"
                }
              },
              {
                "type": "get_attr",
                "value": "context_access_token"
              }
            ]
          ],
          "private": "eyJlMmJmYjczMC1lY2FhLTExZTYtOGY4OC0zNDM2M2JjN2M0YzAiOnsiY3JlYXRlIjoxODAwMDAwMDAwMDAwLCJkZWxldGUiOjE4MDAwMDAwMDAwMDAsInJlYWQiOjMwMDAwMDAwMDAwMCwidXBkYXRlIjoxODAwMDAwMDAwMDAwfX0=",
          "dependencies": [
            "azurerm_resource_group.rg",
            "module.acr.azurerm_container_registry.acr"
          ]
        }
      ]
    },
    {
      "module": "module.keyvault",
      "mode": "managed",
      "type": "azurerm_key_vault",
      "name": "kv",
      "provider": "provider[\"registry.terraform.io/hashicorp/azurerm\"]",
      "instances": [
        {
          "schema_version": 2,
          "attributes": {
            "access_policy": [
              {
                "application_id": "",
                "certificate_permissions": [],
                "key_permissions": [],
                "object_id": "ff6041f0-7239-4133-bbf2-c413538d1e53",
                "secret_permissions": [
                  "Get",
                  "List",
                  "Set",
                  "Delete",
                  "Purge",
                  "Recover",
                  "Backup",
                  "Restore"
                ],
                "storage_permissions": [],
                "tenant_id": "b41b72d0-4e9f-4c26-8a69-f949f367c91d"
              }
            ],
            "contact": [],
            "enable_rbac_authorization": false,
            "enabled_for_deployment": false,
            "enabled_for_disk_encryption": false,
            "enabled_for_template_deployment": false,
            "id": "/subscriptions/7e6a661c-8f9f-4149-b0df-5a01abea0a8e/resourceGroups/cmtr-2olzzm40-mod8-rg/providers/Microsoft.KeyVault/vaults/cmtr-2olzzm40-mod8-kv",
            "location": "eastus",
            "name": "cmtr-2olzzm40-mod8-kv",
            "network_acls": [
              {
                "bypass": "AzureServices",
                "default_action": "Allow",
                "ip_rules": [],
                "virtual_network_subnet_ids": []
              }
            ],
            "public_network_access_enabled": true,
            "purge_protection_enabled": false,
            "resource_group_name": "cmtr-2olzzm40-mod8-rg",
            "sku_name": "standard",
            "soft_delete_retention_days": 90,
            "tags": {
              "Creator": "megha_kumari1@epam.com"
            },
            "tenant_id": "b41b72d0-4e9f-4c26-8a69-f949f367c91d",
            "timeouts": null,
            "vault_uri": "https://cmtr-2olzzm40-mod8-kv.vault.azure.net/"
          },
          "sensitive_attributes": [],
          "private": "eyJlMmJmYjczMC1lY2FhLTExZTYtOGY4OC0zNDM2M2JjN2M0YzAiOnsiY3JlYXRlIjoxODAwMDAwMDAwMDAwLCJkZWxldGUiOjE4MDAwMDAwMDAwMDAsInJlYWQiOjMwMDAwMDAwMDAwMCwidXBkYXRlIjoxODAwMDAwMDAwMDAwfSwic2NoZW1hX3ZlcnNpb24iOiIyIn0=",
          "dependencies": [
            "azurerm_resource_group.rg",
            "data.azurerm_client_config.current"
          ]
        }
      ]
    }
  ],
  "check_results": null
}
