{
  "version": 4,
  "terraform_version": "1.11.4",
  "serial": 18,
  "lineage": "b4ffe57b-e1d4-f2a0-ce4d-33f9664b27fc",
  "outputs": {
    "aci_fqdn": {
      "value": "cmtr-2olzzm40-mod8-ci.eastus.azurecontainer.io",
      "type": "string"
    }
  },
  "resources": [
    {
      "mode": "data",
      "type": "azurerm_client_config",
      "name": "current",
      "provider": "provider[\"registry.terraform.io/hashicorp/azurerm\"]",
      "instances": [
        {
          "schema_version": 0,
          "attributes": {
            "client_id": "04b07795-8ddb-461a-bbee-02f9e1bf7b46",
            "id": "Y2xpZW50Q29uZmlncy9jbGllbnRJZD0wNGIwNzc5NS04ZGRiLTQ2MWEtYmJlZS0wMmY5ZTFiZjdiNDY7b2JqZWN0SWQ9ZmY2MDQxZjAtNzIzOS00MTMzLWJiZjItYzQxMzUzOGQxZTUzO3N1YnNjcmlwdGlvbklkPTdlNmE2NjFjLThmOWYtNDE0OS1iMGRmLTVhMDFhYmVhMGE4ZTt0ZW5hbnRJZD1iNDFiNzJkMC00ZTlmLTRjMjYtOGE2OS1mOTQ5ZjM2N2M5MWQ=",
            "object_id": "ff6041f0-7239-4133-bbf2-c413538d1e53",
            "subscription_id": "7e6a661c-8f9f-4149-b0df-5a01abea0a8e",
            "tenant_id": "b41b72d0-4e9f-4c26-8a69-f949f367c91d",
            "timeouts": null
          },
          "sensitive_attributes": []
        }
      ]
    },
    {
      "mode": "managed",
      "type": "azurerm_resource_group",
      "name": "rg",
      "provider": "provider[\"registry.terraform.io/hashicorp/azurerm\"]",
      "instances": [
        {
          "schema_version": 0,
          "attributes": {
            "id": "/subscriptions/7e6a661c-8f9f-4149-b0df-5a01abea0a8e/resourceGroups/cmtr-2olzzm40-mod8-rg",
            "location": "eastus",
            "managed_by": "",
            "name": "cmtr-2olzzm40-mod8-rg",
            "tags": {
              "Creator": "megha_kumari1@epam.com"
            },
            "timeouts": null
          },
          "sensitive_attributes": [],
          "private": "eyJlMmJmYjczMC1lY2FhLTExZTYtOGY4OC0zNDM2M2JjN2M0YzAiOnsiY3JlYXRlIjo1NDAwMDAwMDAwMDAwLCJkZWxldGUiOjU0MDAwMDAwMDAwMDAsInJlYWQiOjMwMDAwMDAwMDAwMCwidXBkYXRlIjo1NDAwMDAwMDAwMDAwfX0="
        }
      ]
    },
    {
      "module": "module.aci",
      "mode": "managed",
      "type": "azurerm_container_group",
      "name": "aci",
      "provider": "provider[\"registry.terraform.io/hashicorp/azurerm\"]",
      "instances": [
        {
          "schema_version": 0,
          "attributes": {
            "container": [
              {
                "commands": [],
                "cpu": 0.5,
                "cpu_limit": 0,
                "environment_variables": {
                  "CREATOR": "ACI",
                  "REDIS_PORT": "6380",
                  "REDIS_SSL_MODE": "true"
                },
                "gpu": [],
                "gpu_limit": [],
                "image": "cmtr2olzzm40mod8cr.azurecr.io/cmtr-2olzzm40-mod8-app:latest",
                "liveness_probe": [],
                "memory": 1.5,
                "memory_limit": 0,
                "name": "app",
                "ports": [
                  {
                    "port": 8080,
                    "protocol": "TCP"
                  }
                ],
                "readiness_probe": [],
                "secure_environment_variables": {
                  "REDIS_PWD": "zTWHsg9Q5DEIIlT4LdW8GemWeT4gaBD0oAzCaNAUik4=",
                  "REDIS_URL": "cmtr-2olzzm40-mod8-redis.redis.cache.windows.net"
                },
                "security": [],
                "volume": []
              }
            ],
            "diagnostics": [],
            "dns_config": [],
            "dns_name_label": "cmtr-2olzzm40-mod8-ci",
            "dns_name_label_reuse_policy": "Unsecure",
            "exposed_port": [
              {
                "port": 8080,
                "protocol": "TCP"
              }
            ],
            "fqdn": "cmtr-2olzzm40-mod8-ci.eastus.azurecontainer.io",
            "id": "/subscriptions/7e6a661c-8f9f-4149-b0df-5a01abea0a8e/resourceGroups/cmtr-2olzzm40-mod8-rg/providers/Microsoft.ContainerInstance/containerGroups/cmtr-2olzzm40-mod8-ci",
            "identity": [],
            "image_registry_credential": [
              {
                "password": "ydPdAoPn/JRCrz2SIsg4kD1zHAobV9dPNnaiwzS1o7+ACRAO90K4",
                "server": "cmtr2olzzm40mod8cr.azurecr.io",
                "user_assigned_identity_id": "",
                "username": "cmtr2olzzm40mod8cr"
              }
            ],
            "init_container": [],
            "ip_address": "20.246.248.14",
            "ip_address_type": "Public",
            "key_vault_key_id": null,
            "key_vault_user_assigned_identity_id": null,
            "location": "eastus",
            "name": "cmtr-2olzzm40-mod8-ci",
            "network_profile_id": null,
            "os_type": "Linux",
            "priority": "",
            "resource_group_name": "cmtr-2olzzm40-mod8-rg",
            "restart_policy": "Always",
            "sku": "Standard",
            "subnet_ids": [],
            "tags": {
              "Creator": "megha_kumari1@epam.com"
            },
            "timeouts": null,
            "zones": []
          },
          "sensitive_attributes": [
            [
              {
                "type": "get_attr",
                "value": "image_registry_credential"
              },
              {
                "type": "index",
                "value": {
                  "value": 0,
                  "type": "number"
                }
              },
              {
                "type": "get_attr",
                "value": "password"
              }
            ],
            [
              {
                "type": "get_attr",
                "value": "container"
              },
              {
                "type": "index",
                "value": {
                  "value": 0,
                  "type": "number"
                }
              },
              {
                "type": "get_attr",
                "value": "secure_environment_variables"
              }
            ],
            [
              {
                "type": "get_attr",
                "value": "container"
              },
              {
                "type": "index",
                "value": {
                  "value": 0,
                  "type": "number"
                }
              },
              {
                "type": "get_attr",
                "value": "secure_environment_variables"
              },
              {
                "type": "index",
                "value": {
                  "value": "REDIS_PWD",
                  "type": "string"
                }
              }
            ]
          ],
          "private": "eyJlMmJmYjczMC1lY2FhLTExZTYtOGY4OC0zNDM2M2JjN2M0YzAiOnsiY3JlYXRlIjozNjAwMDAwMDAwMDAwLCJkZWxldGUiOjE4MDAwMDAwMDAwMDAsInJlYWQiOjMwMDAwMDAwMDAwMCwidXBkYXRlIjoxODAwMDAwMDAwMDAwfX0=",
          "dependencies": [
            "azurerm_resource_group.rg",
            "data.azurerm_client_config.current",
            "module.acr.azurerm_container_registry.acr",
            "module.acr.azurerm_container_registry_task.build_task",
            "module.acr.azurerm_container_registry_task_schedule_run_now.run_now",
            "module.keyvault.azurerm_key_vault.kv",
            "module.keyvault.azurerm_key_vault_access_policy.current_user",
            "module.redis.azurerm_key_vault_secret.redis_hostname",
            "module.redis.azurerm_key_vault_secret.redis_primary_key",
            "module.redis.azurerm_redis_cache.redis"
          ]
        }
      ]
    },
    {
      "module": "module.acr",
      "mode": "managed",
      "type": "azurerm_container_registry",
      "name": "acr",
      "provider": "provider[\"registry.terraform.io/hashicorp/azurerm\"]",
      "instances": [
        {
          "schema_version": 2,
          "attributes": {
            "admin_enabled": true,
            "admin_password": "ydPdAoPn/JRCrz2SIsg4kD1zHAobV9dPNnaiwzS1o7+ACRAO90K4",
            "admin_username": "cmtr2olzzm40mod8cr",
            "anonymous_pull_enabled": false,
            "data_endpoint_enabled": false,
            "encryption": [
              {
                "enabled": false,
                "identity_client_id": "",
                "key_vault_key_id": ""
              }
            ],
            "export_policy_enabled": true,
            "georeplications": [],
            "id": "/subscriptions/7e6a661c-8f9f-4149-b0df-5a01abea0a8e/resourceGroups/cmtr-2olzzm40-mod8-rg/providers/Microsoft.ContainerRegistry/registries/cmtr2olzzm40mod8cr",
            "identity": [],
            "location": "eastus",
            "login_server": "cmtr2olzzm40mod8cr.azurecr.io",
            "name": "cmtr2olzzm40mod8cr",
            "network_rule_bypass_option": "AzureServices",
            "network_rule_set": [],
            "public_network_access_enabled": true,
            "quarantine_policy_enabled": false,
            "resource_group_name": "cmtr-2olzzm40-mod8-rg",
            "retention_policy": [
              {
                "days": 7,
                "enabled": false
              }
            ],
            "sku": "Basic",
            "tags": {
              "Creator": "megha_kumari1@epam.com"
            },
            "timeouts": null,
            "trust_policy": [
              {
                "enabled": false
              }
            ],
            "zone_redundancy_enabled": false
          },
          "sensitive_attributes": [
            [
              {
                "type": "get_attr",
                "value": "admin_password"
              }
            ]
          ],
          "private": "eyJlMmJmYjczMC1lY2FhLTExZTYtOGY4OC0zNDM2M2JjN2M0YzAiOnsiY3JlYXRlIjoxODAwMDAwMDAwMDAwLCJkZWxldGUiOjE4MDAwMDAwMDAwMDAsInJlYWQiOjMwMDAwMDAwMDAwMCwidXBkYXRlIjoxODAwMDAwMDAwMDAwfSwic2NoZW1hX3ZlcnNpb24iOiIyIn0=",
          "dependencies": [
            "azurerm_resource_group.rg"
          ]
        }
      ]
    },
    {
      "module": "module.acr",
      "mode": "managed",
      "type": "azurerm_container_registry_task",
      "name": "build_task",
      "provider": "provider[\"registry.terraform.io/hashicorp/azurerm\"]",
      "instances": [
        {
          "schema_version": 0,
          "attributes": {
            "agent_pool_name": "",
            "agent_setting": [],
            "base_image_trigger": [],
            "container_registry_id": "/subscriptions/7e6a661c-8f9f-4149-b0df-5a01abea0a8e/resourceGroups/cmtr-2olzzm40-mod8-rg/providers/Microsoft.ContainerRegistry/registries/cmtr2olzzm40mod8cr",
            "docker_step": [
              {
                "arguments": {},
                "cache_enabled": true,
                "context_access_token": "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",
                "context_path": "https://github.com/Megha0404/Task081.git#main:task08/application",
                "dockerfile_path": "Dockerfile",
                "image_names": [
                  "cmtr-2olzzm40-mod8-app:latest"
                ],
                "push_enabled": true,
                "secret_arguments": {},
                "target": ""
              }
            ],
            "enabled": true,
            "encoded_step": [],
            "file_step": [],
            "id": "/subscriptions/7e6a661c-8f9f-4149-b0df-5a01abea0a8e/resourceGroups/cmtr-2olzzm40-mod8-rg/providers/Microsoft.ContainerRegistry/registries/cmtr2olzzm40mod8cr/tasks/cmtr2olzzm40mod8cr-build-task",
            "identity": [],
            "is_system_task": false,
            "log_template": "",
            "name": "cmtr2olzzm40mod8cr-build-task",
            "platform": [
              {
                "architecture": "",
                "os": "Linux",
                "variant": ""
              }
            ],
            "registry_credential": [],
            "source_trigger": [],
            "tags": {},
            "timeout_in_seconds": 3600,
            "timeouts": null,
            "timer_trigger": [
              {
                "enabled": true,
                "name": "build-schedule",
                "schedule": "0 0 * * *"
              }
            ]
          },
          "sensitive_attributes": [
            [
              {
                "type": "get_attr",
                "value": "docker_step"
              },
              {
                "type": "index",
                "value": {
                  "value": 0,
                  "type": "number"
                }
              },
              {
                "type": "get_attr",
                "value": "secret_arguments"
              }
            ],
            [
              {
                "type": "get_attr",
                "value": "docker_step"
              },
              {
                "type": "index",
                "value": {
                  "value": 0,
                  "type": "number"
                }
              },
              {
                "type": "get_attr",
                "value": "context_access_token"
              }
            ]
          ],
          "private": "eyJlMmJmYjczMC1lY2FhLTExZTYtOGY4OC0zNDM2M2JjN2M0YzAiOnsiY3JlYXRlIjoxODAwMDAwMDAwMDAwLCJkZWxldGUiOjE4MDAwMDAwMDAwMDAsInJlYWQiOjMwMDAwMDAwMDAwMCwidXBkYXRlIjoxODAwMDAwMDAwMDAwfX0=",
          "dependencies": [
            "azurerm_resource_group.rg",
            "module.acr.azurerm_container_registry.acr"
          ]
        }
      ]
    },
    {
      "module": "module.acr",
      "mode": "managed",
      "type": "azurerm_container_registry_task_schedule_run_now",
      "name": "run_now",
      "provider": "provider[\"registry.terraform.io/hashicorp/azurerm\"]",
      "instances": [
        {
          "schema_version": 0,
          "attributes": {
            "container_registry_task_id": "/subscriptions/7e6a661c-8f9f-4149-b0df-5a01abea0a8e/resourceGroups/cmtr-2olzzm40-mod8-rg/providers/Microsoft.ContainerRegistry/registries/cmtr2olzzm40mod8cr/tasks/cmtr2olzzm40mod8cr-build-task",
            "id": "/subscriptions/7e6a661c-8f9f-4149-b0df-5a01abea0a8e/resourceGroups/cmtr-2olzzm40-mod8-rg/providers/Microsoft.ContainerRegistry/registries/cmtr2olzzm40mod8cr/tasks/cmtr2olzzm40mod8cr-build-task/schedule/schedule",
            "timeouts": null
          },
          "sensitive_attributes": [],
          "private": "eyJlMmJmYjczMC1lY2FhLTExZTYtOGY4OC0zNDM2M2JjN2M0YzAiOnsiY3JlYXRlIjoxODAwMDAwMDAwMDAwLCJkZWxldGUiOjE4MDAwMDAwMDAwMDAsInJlYWQiOjMwMDAwMDAwMDAwMH19",
          "dependencies": [
            "azurerm_resource_group.rg",
            "module.acr.azurerm_container_registry.acr",
            "module.acr.azurerm_container_registry_task.build_task"
          ]
        }
      ]
    },
    {
      "module": "module.aks",
      "mode": "managed",
      "type": "azurerm_key_vault_access_policy",
      "name": "aks_kv_access",
      "provider": "provider[\"registry.terraform.io/hashicorp/azurerm\"]",
      "instances": [
        {
          "schema_version": 0,
          "attributes": {
            "application_id": null,
            "certificate_permissions": null,
            "id": "/subscriptions/7e6a661c-8f9f-4149-b0df-5a01abea0a8e/resourceGroups/cmtr-2olzzm40-mod8-rg/providers/Microsoft.KeyVault/vaults/cmtr-2olzzm40-mod8-kv/objectId/fb8b8744-a24b-44b8-9faa-398c39729c49",
            "key_permissions": null,
            "key_vault_id": "/subscriptions/7e6a661c-8f9f-4149-b0df-5a01abea0a8e/resourceGroups/cmtr-2olzzm40-mod8-rg/providers/Microsoft.KeyVault/vaults/cmtr-2olzzm40-mod8-kv",
            "object_id": "fb8b8744-a24b-44b8-9faa-398c39729c49",
            "secret_permissions": [
              "Get"
            ],
            "storage_permissions": null,
            "tenant_id": "b41b72d0-4e9f-4c26-8a69-f949f367c91d",
            "timeouts": null
          },
          "sensitive_attributes": [],
          "private": "eyJlMmJmYjczMC1lY2FhLTExZTYtOGY4OC0zNDM2M2JjN2M0YzAiOnsiY3JlYXRlIjoxODAwMDAwMDAwMDAwLCJkZWxldGUiOjE4MDAwMDAwMDAwMDAsInJlYWQiOjMwMDAwMDAwMDAwMCwidXBkYXRlIjoxODAwMDAwMDAwMDAwfX0=",
          "dependencies": [
            "azurerm_resource_group.rg",
            "data.azurerm_client_config.current",
            "module.acr.azurerm_container_registry.acr",
            "module.acr.azurerm_container_registry_task.build_task",
            "module.acr.azurerm_container_registry_task_schedule_run_now.run_now",
            "module.aks.azurerm_kubernetes_cluster.aks",
            "module.keyvault.azurerm_key_vault.kv",
            "module.keyvault.azurerm_key_vault_access_policy.current_user"
          ]
        }
      ]
    },
    {
      "module": "module.aks",
      "mode": "managed",
      "type": "azurerm_kubernetes_cluster",
      "name": "aks",
      "provider": "provider[\"registry.terraform.io/hashicorp/azurerm\"]",
      "instances": [
        {
          "schema_version": 2,
          "attributes": {
            "aci_connector_linux": [],
            "api_server_access_profile": [],
            "api_server_authorized_ip_ranges": [],
            "auto_scaler_profile": [],
            "automatic_channel_upgrade": "",
            "azure_active_directory_role_based_access_control": [],
            "azure_policy_enabled": false,
            "confidential_computing": [],
            "cost_analysis_enabled": false,
            "current_kubernetes_version": "1.31.8",
            "custom_ca_trust_certificates_base64": null,
            "default_node_pool": [
              {
                "capacity_reservation_group_id": "",
                "custom_ca_trust_enabled": false,
                "enable_auto_scaling": false,
                "enable_host_encryption": false,
                "enable_node_public_ip": false,
                "fips_enabled": false,
                "gpu_instance": "",
                "host_group_id": "",
                "kubelet_config": [],
                "kubelet_disk_type": "OS",
                "linux_os_config": [],
                "max_count": 0,
                "max_pods": 250,
                "message_of_the_day": "",
                "min_count": 0,
                "name": "system",
                "node_count": 1,
                "node_labels": {},
                "node_network_profile": [],
                "node_public_ip_prefix_id": "",
                "node_taints": null,
                "only_critical_addons_enabled": false,
                "orchestrator_version": "1.31",
                "os_disk_size_gb": 30,
                "os_disk_type": "Ephemeral",
                "os_sku": "Ubuntu",
                "pod_subnet_id": "",
                "proximity_placement_group_id": "",
                "scale_down_mode": "Delete",
                "snapshot_id": "",
                "tags": null,
                "temporary_name_for_rotation": "",
                "type": "VirtualMachineScaleSets",
                "ultra_ssd_enabled": false,
                "upgrade_settings": [
                  {
                    "drain_timeout_in_minutes": 0,
                    "max_surge": "10%",
                    "node_soak_duration_in_minutes": 0
                  }
                ],
                "vm_size": "Standard_D2ads_v6",
                "vnet_subnet_id": "",
                "workload_runtime": "",
                "zones": null
              }
            ],
            "disk_encryption_set_id": "",
            "dns_prefix": "cmtr-2olzzm40-mod8-aks",
            "dns_prefix_private_cluster": "",
            "edge_zone": "",
            "enable_pod_security_policy": false,
            "fqdn": "cmtr-2olzzm40-mod8-aks-sxjpqt9s.hcp.eastus.azmk8s.io",
            "http_application_routing_enabled": false,
            "http_application_routing_zone_name": "",
            "http_proxy_config": [],
            "id": "/subscriptions/7e6a661c-8f9f-4149-b0df-5a01abea0a8e/resourceGroups/cmtr-2olzzm40-mod8-rg/providers/Microsoft.ContainerService/managedClusters/cmtr-2olzzm40-mod8-aks",
            "identity": [
              {
                "identity_ids": null,
                "principal_id": "df6d21fe-b712-49c5-99a5-1e86c7afda26",
                "tenant_id": "b41b72d0-4e9f-4c26-8a69-f949f367c91d",
                "type": "SystemAssigned"
              }
            ],
            "image_cleaner_enabled": false,
            "image_cleaner_interval_hours": 48,
            "ingress_application_gateway": [],
            "key_management_service": [],
            "key_vault_secrets_provider": [
              {
                "secret_identity": [
                  {
                    "client_id": "e02b64c8-9ef1-48a0-9805-ae2b2e6d65f2",
                    "object_id": "918035a2-b5a3-46b4-8cf4-63f03ea72c3e",
                    "user_assigned_identity_id": "/subscriptions/7e6a661c-8f9f-4149-b0df-5a01abea0a8e/resourcegroups/MC_cmtr-2olzzm40-mod8-rg_cmtr-2olzzm40-mod8-aks_eastus/providers/Microsoft.ManagedIdentity/userAssignedIdentities/azurekeyvaultsecretsprovider-cmtr-2olzzm40-mod8-aks"
                  }
                ],
                "secret_rotation_enabled": true,
                "secret_rotation_interval": "2m"
              }
            ],
            "kube_admin_config": [],
            "kube_admin_config_raw": "",
            "kube_config": [
              {
                "client_certificate": "LS0tLS1CRUdJTiBDRVJUSUZJQ0FURS0tLS0tCk1JSUZIVENDQXdXZ0F3SUJBZ0lRZHBwOFRJTGhxaVFlQWRvT0YzRE1makFOQmdrcWhraUc5dzBCQVFzRkFEQU4KTVFzd0NRWURWUVFERXdKallUQWVGdzB5TlRBMU16QXhOREkwTVRSYUZ3MHlOekExTXpBeE5ETTBNVFJhTURBeApGekFWQmdOVkJBb1REbk41YzNSbGJUcHRZWE4wWlhKek1SVXdFd1lEVlFRREV3eHRZWE4wWlhKamJHbGxiblF3CmdnSWlNQTBHQ1NxR1NJYjNEUUVCQVFVQUE0SUNEd0F3Z2dJS0FvSUNBUUM3MHNOTnpSSDdUSGJrc0dmYlliR04KYkcxMkFmQmtVcUZJbGNLQnN1Rm9TUkJLT0QzWkZvUldmbWg3ZXpPcTBuV2R6blRYUlY4clRueGlUVHRsSzFlSQozV0xRRG90b29JOTNqSVMvNXRHL0doOXhsM0xNVnJ6VWszS2xEQnQ4VXFiRUdhdjdHU0ppY1FnSGVKbkpidkpSCjVkcHI1b0ZpS0lsSXhXVitlR01KSGtld2ZuaCsreUszY1VmNEtMWmwvTHNyZVNpVHd0VndhQlYwYllsbU8rV0gKK0RXZFBaQVljNUMxU1Z0TU5mQVM3ZEtBS2F3TTRDMGZ4WGdtZUY3eCs3N252V2ZFZGJucldEWDA2M01ad2gyZgptSnpHemdsV0IrdExvbStubGoyMWx1RC9EYm9MS2JJMFY1VnEzVjdDQ0g4d3g4eWhvdG1sSlFkMDJ5SjNpM2xMCmVZNE1lcHlyQUUwcitMdnIzbUtreFE1dFFSekRqZWtEMzhUSUExMnJoQzJtRU05aUgzWHR3b0NEcXBlSHR3ZWEKc3VNT1YxZjkrOGtkVXFCMkJGVjEwT0orZWFSbTZ0MjBaSlhYdlB0YU5jcjBtdkV2bUZ0MW1vTXlnZjNmemdzMQoyUlhnZEJQVjJ0dWJ5bllHVDJtOGxXRUNPNVhITnhuMFFBYUVzaXRnRVAwa1lYbFRyTFV2eUtFZWQzdzl3dDlzCkk5clM4UXVCWW0xbVhLYkZkQ2Q5RFp3cFJYaHN2V3RPNEtySG9iR3VGL2RmS3NBWGtzSzlJNG1IOGNmc2JiREkKM1l0dllQdnczNk5iTGQrUmREaFZBSlZ1YVo3T0lxbGJmUjF1ZDJvN0NWQWlNZ0U0bDFHelJFRjBvRWh6ci93MApJS1JqNzM3QlI2SkNKOWZaM2JsdkxRSURBUUFCbzFZd1ZEQU9CZ05WSFE4QkFmOEVCQU1DQmFBd0V3WURWUjBsCkJBd3dDZ1lJS3dZQkJRVUhBd0l3REFZRFZSMFRBUUgvQkFJd0FEQWZCZ05WSFNNRUdEQVdnQlRSSkdkcGZNbjEKa3NmWWVCaEJpeHVPczIwUlZUQU5CZ2txaGtpRzl3MEJBUXNGQUFPQ0FnRUFheUZndGdBRmZsWnhGZXNPS21KVwpDb3BwYXp0THlzdFhwWU1VVTFYYTNWUnZXSTMrcWlOZmdvVGVmSWp5cUpiY0hnTThONzA1VXFlNmd2TzhNUCtOCm9FQ1UzdjlaaDFuanJEN2N2NXNESW51cnJGU0lFcE9PNis0dXNNWk4vWWJXMjNEdFBmQXkxYmswMWlNNmRBMmcKV0RsTDNsZTVPVjhNZUlHVmtRM1JhbEZkdWlveXNTL2MyNUI2OWFlQzFhQjRIRSs4TDJxTkR5M3A0ZVpRbDdSZwpxWm1ERm4vRnFmVEpBYWdhb3J6cVVMeTAweUJ3by9GOGtwak0yRFZYZFB1bmZEaW54Q0xRMC9VRm5QbDBXcTFZCmpzNlp3ZWtGVDlidDdmUDh2YlRNQjM2OWkrcW93MHZSRVU0Vm5RWE80MDBFbXVPRWpCMk1XNUY0ZlplbDRUSi8KWHcrRG5PV01PYytIeGgvYlA3SEl3ak82VVZFU0w5S3JkOFVIMlg5Y0hQZW1lUnRTUHNHbU9MbXYzc3NyOFc0cApNL2tqeXUvUk43S3R5N094OE01R2Q3Q1FnTjBBakxQOXB1ZWs4U01yc0oxWDRBSlhkeTd1Q3lBWndrVGttbitqCkRnb2J6SG1tbndQbTBxNS9XNVVZMXhNb2doaFBIWmMyK1dOMGM0eGJEdjZhVG8rMGpLa3oxRUNRWFVJcm4yYmoKUTh4cWpPcnR3eEpnamZVWnFBRTdNNUVLTGZxQk0yV1pkbWUzYUFWcDZNZmtxeGhQUTlYbWFXZjdkczA1WHp2TApvMUxONmtwK1UrTXd0dHNiblRlTFBIS0huWlpoK1RjRVhNVGNWVnN1eHo2TExHOFZwY2RpQzViSUNqMEpSRUE5CmpOeXZOby9qQU8rbGs3S09vaUNPVTVjPQotLS0tLUVORCBDRVJUSUZJQ0FURS0tLS0tCg==",
                "client_key": "LS0tLS1CRUdJTiBSU0EgUFJJVkFURSBLRVktLS0tLQpNSUlKS1FJQkFBS0NBZ0VBdTlMRFRjMFIrMHgyNUxCbjIyR3hqV3h0ZGdId1pGS2hTSlhDZ2JMaGFFa1FTamc5CjJSYUVWbjVvZTNzenF0SjFuYzUwMTBWZkswNThZazA3WlN0WGlOMWkwQTZMYUtDUGQ0eUV2K2JSdnhvZmNaZHkKekZhODFKTnlwUXdiZkZLbXhCbXIreGtpWW5FSUIzaVp5Vzd5VWVYYWErYUJZaWlKU01WbGZuaGpDUjVIc0g1NApmdnNpdDNGSCtDaTJaZnk3SzNrb2s4TFZjR2dWZEcySlpqdmxoL2cxblQyUUdIT1F0VWxiVERYd0V1M1NnQ21zCkRPQXRIOFY0Sm5oZThmdSs1NzFueEhXNTYxZzE5T3R6R2NJZG41aWN4czRKVmdmclM2SnZwNVk5dFpiZy93MjYKQ3lteU5GZVZhdDFld2doL01NZk1vYUxacFNVSGROc2lkNHQ1UzNtT0RIcWNxd0JOSy9pNzY5NWlwTVVPYlVFYwp3NDNwQTkvRXlBTmRxNFF0cGhEUFloOTE3Y0tBZzZxWGg3Y0htckxqRGxkWC9mdkpIVktnZGdSVmRkRGlmbm1rClp1cmR0R1NWMTd6N1dqWEs5SnJ4TDVoYmRacURNb0g5Mzg0TE5ka1Y0SFFUMWRyYm04cDJCazlwdkpWaEFqdVYKeHpjWjlFQUdoTElyWUJEOUpHRjVVNnkxTDhpaEhuZDhQY0xmYkNQYTB2RUxnV0p0Wmx5bXhYUW5mUTJjS1VWNApiTDFyVHVDcXg2R3hyaGYzWHlyQUY1TEN2U09KaC9ISDdHMnd5TjJMYjJENzhOK2pXeTNma1hRNFZRQ1ZibW1lCnppS3BXMzBkYm5kcU93bFFJaklCT0pkUnMwUkJkS0JJYzYvOE5DQ2tZKzkrd1VlaVFpZlgyZDI1YnkwQ0F3RUEKQVFLQ0FnQjFJSUVFc242bExORHoyZ0phTDdrT2pYQlJaL0ltVGRVZ002d2hQNUVMZkl5NURBdWRwa29PdWpPagoxWGVwN2liRXF5djMxdDM3WHExNGk5c2ZRd0VLYTZ5a1BIMjVXRzgvU1JTN3ExQmZrUVhNeTNvZWJYVENSOVQxCmtmQk4vaWpiSDNzOVVqWThGMnEvWmZqWlFlUEJLTXFtQVEvc1M0VVpLV2dhank2TFVDTzZyNU9xOUNkNUtCNk8KWmEwaE9wTHFFRnM2a2dTU1hZWUxuZ2RTQnNZam5haXBqdXVlSStzNDhpOEovcFRnNlFnZFBsOTVoQTcvd2lBawpOV3BZRXZyQS96K0hwemF5eWNhVUhvUWZxd3JZTE02UHQ0cmc2SDFXSkV6bXdHMXBJVmJjRnc1T3ljakVsVjJyClQ3TTQ0eDJXS1BLMlZaek9QS0pDd0NqbFRjZnNNbHkwSk5MVk5NUFU0a2JBbDNCUWxkbDlaQzBQNndUS0xORFgKOVovd0l4NVpnNU10Vk13ZUowcTZVWEJMREpZWGREMlZ0blc3aU9FOVY3T2REczl2Y1dRVGcyMktvZGFGSHNFcwpQTEh6UHNvY0p5ekRySTZ1bGhkRnFPa1NPL0lRSzkzaXl4Q1NLa1luQlIwMWlnNVhYZHdBcWVKWmhNWXZKeHhiCk1oOWlqakt0U3VaM3NPa0xHcmx2U29ockp1YmRyVFJOZGlLQjE4dzcrSlVNZnhqbmFiQ1ZIdU1yNStOMnprMkcKdXkrdzlLdDUvYWtUQnNRMjJjL1NDeWdIcSthRnNldHh5R0NRNytCcHphc2dqWkJ4azlRWk5ZaDdKUVhFdTdmWQpQVzhTL3RzVTl5Mkd5TUQ4R3FUSjVNU1lPblg1UG5WWFpyN3FCRlI4Q0R4RG5kTXZiUUtDQVFFQXdEKzZydzU2ClFpdnlBaSt4M21aQUoxMm0yNlVBNm4vV2JEV3RNRThoSjF3NmZBVnNnb29VN05sdVNDbmc3NVlVa1g0KzQwNVYKcVViRGFYMWFkdnpiMFltTTJ3eVhpdWtQOEtaTkJKbjVhK3hjb1l3ZUNCdkVhT2tXaUhpVG53OGQ1UndaYUU1SAo5RnpzSFlMeWttbXUzWmo2MnE1NmcwUWh0N2xiWHB6RlVPR2ZaellPZ1YxV25ZYU8yTnZLaHB2RHBqd1pYSmh2ClZ4S1BITVZQb0Eza3N4ek53TkpjVmwyRzQrOFBvSGhiU1hYMkZyL3FXdUhDVjVLNzh1NE9BQkd6RWczdmZRTC8KNkdKd0U1cDRGRVAyc0t2M2p3bW4rK1dLbzF2TmZiaGR1SEhvUUdlMURQTFcyNDlxVDc3K1lnVnBNRGZYTnlOWQpCRWFtZFNLR1k4MEZ4d0tDQVFFQStodFZsbmdJNU9qU2NlWXFLZCtRKzNYOGt6ZDBVRldZWjJ0ZTNEUG4vc2YxCkwva2RZZnMwMlZTUXJSV0lyb1M0L0MrV0RvV2JvTFdXc2pQdkcyUE13dVc3Y2l6Y0RQVXhvakZoeDdUKzEyRG8KbFM5b0ZiNC9WNXpCRSs1WlRORmlyUHlDdnBxdXY5TmlrOSttQ3Z5WmVpWDcrcG5rMVZ5UTRuNExDWkJrU0RJbAozTmU0cDU3MHlaVnZGQ3ZFazUxUFdzL0N6Y3U4Z2pmcndqMHJkbDdZaGd0VkNEVTRqY3M1QldUcHg1ZmV3TGpoCkswaURxVXhOUDUzbWQ0c3g5VDJDSlRVYVpDRkZ6VElKalE1K3c3YTJOOStDdTRjdXVUd1BPdHNoSlZpV3B6RE0KWkhvUUhSS3E1cnQrMVIydWFZNHBnTGRIY21zZyszVWMwdjgzVnBQVGF3S0NBUUExVTdneUJOOE82ZWU0aVloYQpPNXpDRHExUk1nVCtCelh3VURkWk5pbnBKQ0VvODh3MHJaNitVRlhSK0tQbmNZY0ZFTExiRklpWWF3T2JpR1VHCnFuOURNVmQ4RDVNZHVpWnN4NFNIcVRwUm9IL1ZZK3VVcmpjZUxzSE1XejMvbWc3ZDFaeUtuV1JDT1dCWmsxQTgKSXNxWnQyeW1LazNiaVpPY3hmSzlYTmt5NVZMMUt6NTh6ZXBQeWRwbjl4ZkhuUDk1WmlSVzFnWFVibFo2VVpVVAp2YWJadER5eXB1ZHNJWWRnUkpqZUYyU2pEUENWUU9qK0NxK0E0VGYzVytkUVI1aVhnbndTL2prRU9nSUN2ZzllCjk3Yy9MSVNBRGRxbCtmY3A5ellhRUlFV3Y2bi82NFNDTWY0OWF4dS9RU2lKQWgwNmZkTFovWmpWbnM5Zm9KTU0KcmZ0VEFvSUJBUURLSnN2UDJlZCtkZnlhMlNsZFBQbW5kaDhYTXF4TnZsRjN6ZDRYWjlEdEt0dXYwYytCQVpVZQowRzQ3cC9zWTYrZkUxZ1dZYVQ5Mzd5NEZqVnFITGV3ejM1SFpZQTdnWGxLbXdQbENmTFc2aWZhVGxvU3ZobDBXClNIbjZ6UnphclNidm9RMWdXQkJFdGV1b2tBMWFOZjhyTG9aemNHMzRVbUE4NFJtMHVrT0Q0eHlkV3JOQ3NJVTAKWmhjcEc1TkFxTmFhRlBGa2UzYzdYVTJ1YXRpMVRVWC9XaXQ1ZmVMZklOSk8zTmprWFlsTEJtUGhJelJmNDI5UQpxeVM3blFOZE1FRUFKK0xUNmR6TVZOUkpjZHpkL2RGY2FjajJIL2FRKzgxbmlmUkpoa2dHakxlM3dyMUJjblEyCkdIZ1VjM0FrbXlaS2hsazJUd2FTbUg4YXYvUVBnMTVQQW9JQkFRQ1N2VVdzN2Z2VzRoYVZVRW5VUWxIUUdpdFgKOGc3NTlWUnRsbWd4SmVraU9iUzBteUw1Ynd6amZOclRYR2RZQnFkYWNpMzdidjV5cnd6d1RnYlF2QndEdEx3OApSdVZYVmdzRFEzcDErc2I4VVpSYitrTG9qV244bkhDWkdydGY5cmdLcVNCZW4xNDlRZmMrNnZYNXIycFBpU0J5ClR2dVkwdTNsTkRqRmRMTC9KemFJRG5kQnJ2R3BtLzJjVm1DS0N6OU1Ud3Y5WUNxL1dzbHFpS2p0Rk1nY1dLOWkKYmlESHVmK0dZL0NXY2tFZUhPcGxLNFNtYVpLVTUwQm1kSm1vMFQ5aGcrZEx4UnZWYVlnT0xHWnVEWDdMZWQwQgpLaWRFNVFSaS9WN1NvTHlpczdOVCtIZFpFVGFmSEtCTk1RWkxaU2VaMjdpRUtMNGVZTnorcUo1RmdtbFYKLS0tLS1FTkQgUlNBIFBSSVZBVEUgS0VZLS0tLS0K",
                "cluster_ca_certificate": "LS0tLS1CRUdJTiBDRVJUSUZJQ0FURS0tLS0tCk1JSUU2RENDQXRDZ0F3SUJBZ0lRUnpZUkQ2L3doZjBjRXZwTFQ0cnkxekFOQmdrcWhraUc5dzBCQVFzRkFEQU4KTVFzd0NRWURWUVFERXdKallUQWdGdzB5TlRBMU16QXhOREkwTVRSYUdBOHlNRFUxTURVek1ERTBNelF4TkZvdwpEVEVMTUFrR0ExVUVBeE1DWTJFd2dnSWlNQTBHQ1NxR1NJYjNEUUVCQVFVQUE0SUNEd0F3Z2dJS0FvSUNBUURCCmp0ckZuTGZTSzd5SkN2Z21ydzJRdEhIbWdvQXlJNS9rNWtKOXJORk5GVDNIWWVXaXVROXNpeFBSZ2R4M29ZeDIKNWlyaHF4REdSUUdZV0RVVzZpUnRlUFFvdUtydEhiQkdad2lMMUlpSmg2WFl2dVJlTmUxTFYyTTh5QndxVFAvSApzZU83QlVzN0VDMFpwZVE1bWdNWkZyWkZ0QjRNL1R2clBWV1BXZUozNEw2NWVWV05TT3grajF0cWlXTENrZ0NYCnlLWjV4ZU0vL0ZlMFRhZ1QzenpuUnlnWmhUWVVqTEZmaldMd1J2eE5ERHJvelZOTEJ6WHRWRzNmckczUUFMRGgKQnplWjYrZjN6TStEVWZBaFYyaXpiVFYxWVlvc0VCc0kxT2dxOXhtSk1rUk13cXJPMTFLK01tZXJMQ09oNzdaQgpvV3ArVExwb3hwUjlydFhCZWRNZWVxTlhTS3VMc3AwL043SS9KdDlEOHIvcVVabTlPR0k2YlV4RjE4dUNieHpNCk5ueWcyMzBOSzFoMEFPR3VxQWVsUllLYllVUkxZMGQrWXJCYkFXYlg3M2xMRTF3TkdBYnVaVHpHKy83UXBnTzIKeXlwanRlQTZDQ29PR2l3MnZHWi82Z0dhajhoSkF0N0tBSW02SE56ZkNNOXg3aCt0OGZ1dFVnN1ZqTDJmNVpvNwp1ZWVucDA3VVBRNVk4ckc2dWhCSGdaR2FsVWNyWlE3ZVBRK21QY3RxK0NrbnVsT0ZDUVRua1ZmTC9IbVFHOVlsCk9rbEFiUXFXOFRwb2U5eSsxckVKY1BmVkdEVzhVajJrWkliNU9hSG5DNDNrOHpoTGprMHpCbGlhVFNOSWV3VXUKRUh3eVJVcVlMRyt3Z2V1NGo5ejBPU2U2UVA0KzllQVpPRVJGYjd4Zk13SURBUUFCbzBJd1FEQU9CZ05WSFE4QgpBZjhFQkFNQ0FxUXdEd1lEVlIwVEFRSC9CQVV3QXdFQi96QWRCZ05WSFE0RUZnUVUwU1JuYVh6SjlaTEgySGdZClFZc2Jqck50RVZVd0RRWUpLb1pJaHZjTkFRRUxCUUFEZ2dJQkFCb2xkNHlyTFV2SlR0TU5CN2xQNEZxVlA1OWUKYklOY1JYSHpNT1A2eGNqOFJKSXlnbStFaUlxWXFvVTArbk1JbnpsL0NHTllaelhpMk0vbjI5cVdFVXdOYi8vaQpCVXROZXRzS3lkRC9UTWtndTJSUmRjZGdvVGkrREtIYnk1YVlmWHMvbnd0eEV4cUZMUmJIZDB5NkpaeTJaWnJYCkRvU29xSHFsbERoc3FKd1JqdC9OWjF2WWJTYWJlc0R1eWRzaE5Mb0NPa1NrNWdKRDRWbHc2c2FuQUx0ZzNYQkYKNVVGZkJOUEFhR2ZodFRuQVh2Y3JSelVMNE9GdXdVK29VOUord1RCbHZkNkxocXkwS1AwUXUzblRJUW1YYlNKbgp5RW40VzFxbmZ4R0lUOU8yWjRScU5VM3IvdDduTG1tTm54VktuWTJlcksxNFJEbXJyOE53c3BoWnc5VjdDWWJoCnpCWE5HYjRsaGs1bjdEcmRxcnQ0bVh3YXRkUHpvdldQSGxCQk91aUdKakVKSmNXelZVakhpT3VpTTlDbzM1SVoKNmNqQWhkNmFHNGdPYWNFbGhneTlBUEloeUV3bDBYNlZybDVGVTRteEVVUEpNcFFSRnR3a1h3UTR0WTBSOENnUApEREhpSm1QTnMzdyt0TDRMMCtIbjVIei9VZ3plL05qMVJuU2RGOGEzRDZLbnh3WnVXUW56bnVHcmFqQ0xrdFlXClo2UXFEb3czSDNyTDVqNi9EWllUeFl5NUoxVjdvSEptYmNLTGhldnFWOXl6UEoxM0Zpa0VvOEErZGJlM09CMkEKNXoxSGQxbXBNd28rS2xHb0Ixdk5aNjhqNGFDZmVSOWZzNHA3aGovWStVRmFwL3FYVDduQ3lPRGozeWNMRys0dQpBUXJaR1VqOHZabXJ4L2hqCi0tLS0tRU5EIENFUlRJRklDQVRFLS0tLS0K",
                "host": "https://cmtr-2olzzm40-mod8-aks-sxjpqt9s.hcp.eastus.azmk8s.io:443",
                "password": "5509r5ymym77uww297gxbzac6zpo7cjn5saz5vmle4fhf45mk8kyps6d6no8sl8fryk1kz3s0rhexwlg2oxsoqltiznywcx604pjwgi4kaefurd5yocu8ypqs2ytxc8o",
                "username": "clusterUser_cmtr-2olzzm40-mod8-rg_cmtr-2olzzm40-mod8-aks"
              }
            ],
            "kube_config_raw": "apiVersion: v1\nclusters:\n- cluster:\n    certificate-authority-data: LS0tLS1CRUdJTiBDRVJUSUZJQ0FURS0tLS0tCk1JSUU2RENDQXRDZ0F3SUJBZ0lRUnpZUkQ2L3doZjBjRXZwTFQ0cnkxekFOQmdrcWhraUc5dzBCQVFzRkFEQU4KTVFzd0NRWURWUVFERXdKallUQWdGdzB5TlRBMU16QXhOREkwTVRSYUdBOHlNRFUxTURVek1ERTBNelF4TkZvdwpEVEVMTUFrR0ExVUVBeE1DWTJFd2dnSWlNQTBHQ1NxR1NJYjNEUUVCQVFVQUE0SUNEd0F3Z2dJS0FvSUNBUURCCmp0ckZuTGZTSzd5SkN2Z21ydzJRdEhIbWdvQXlJNS9rNWtKOXJORk5GVDNIWWVXaXVROXNpeFBSZ2R4M29ZeDIKNWlyaHF4REdSUUdZV0RVVzZpUnRlUFFvdUtydEhiQkdad2lMMUlpSmg2WFl2dVJlTmUxTFYyTTh5QndxVFAvSApzZU83QlVzN0VDMFpwZVE1bWdNWkZyWkZ0QjRNL1R2clBWV1BXZUozNEw2NWVWV05TT3grajF0cWlXTENrZ0NYCnlLWjV4ZU0vL0ZlMFRhZ1QzenpuUnlnWmhUWVVqTEZmaldMd1J2eE5ERHJvelZOTEJ6WHRWRzNmckczUUFMRGgKQnplWjYrZjN6TStEVWZBaFYyaXpiVFYxWVlvc0VCc0kxT2dxOXhtSk1rUk13cXJPMTFLK01tZXJMQ09oNzdaQgpvV3ArVExwb3hwUjlydFhCZWRNZWVxTlhTS3VMc3AwL043SS9KdDlEOHIvcVVabTlPR0k2YlV4RjE4dUNieHpNCk5ueWcyMzBOSzFoMEFPR3VxQWVsUllLYllVUkxZMGQrWXJCYkFXYlg3M2xMRTF3TkdBYnVaVHpHKy83UXBnTzIKeXlwanRlQTZDQ29PR2l3MnZHWi82Z0dhajhoSkF0N0tBSW02SE56ZkNNOXg3aCt0OGZ1dFVnN1ZqTDJmNVpvNwp1ZWVucDA3VVBRNVk4ckc2dWhCSGdaR2FsVWNyWlE3ZVBRK21QY3RxK0NrbnVsT0ZDUVRua1ZmTC9IbVFHOVlsCk9rbEFiUXFXOFRwb2U5eSsxckVKY1BmVkdEVzhVajJrWkliNU9hSG5DNDNrOHpoTGprMHpCbGlhVFNOSWV3VXUKRUh3eVJVcVlMRyt3Z2V1NGo5ejBPU2U2UVA0KzllQVpPRVJGYjd4Zk13SURBUUFCbzBJd1FEQU9CZ05WSFE4QgpBZjhFQkFNQ0FxUXdEd1lEVlIwVEFRSC9CQVV3QXdFQi96QWRCZ05WSFE0RUZnUVUwU1JuYVh6SjlaTEgySGdZClFZc2Jqck50RVZVd0RRWUpLb1pJaHZjTkFRRUxCUUFEZ2dJQkFCb2xkNHlyTFV2SlR0TU5CN2xQNEZxVlA1OWUKYklOY1JYSHpNT1A2eGNqOFJKSXlnbStFaUlxWXFvVTArbk1JbnpsL0NHTllaelhpMk0vbjI5cVdFVXdOYi8vaQpCVXROZXRzS3lkRC9UTWtndTJSUmRjZGdvVGkrREtIYnk1YVlmWHMvbnd0eEV4cUZMUmJIZDB5NkpaeTJaWnJYCkRvU29xSHFsbERoc3FKd1JqdC9OWjF2WWJTYWJlc0R1eWRzaE5Mb0NPa1NrNWdKRDRWbHc2c2FuQUx0ZzNYQkYKNVVGZkJOUEFhR2ZodFRuQVh2Y3JSelVMNE9GdXdVK29VOUord1RCbHZkNkxocXkwS1AwUXUzblRJUW1YYlNKbgp5RW40VzFxbmZ4R0lUOU8yWjRScU5VM3IvdDduTG1tTm54VktuWTJlcksxNFJEbXJyOE53c3BoWnc5VjdDWWJoCnpCWE5HYjRsaGs1bjdEcmRxcnQ0bVh3YXRkUHpvdldQSGxCQk91aUdKakVKSmNXelZVakhpT3VpTTlDbzM1SVoKNmNqQWhkNmFHNGdPYWNFbGhneTlBUEloeUV3bDBYNlZybDVGVTRteEVVUEpNcFFSRnR3a1h3UTR0WTBSOENnUApEREhpSm1QTnMzdyt0TDRMMCtIbjVIei9VZ3plL05qMVJuU2RGOGEzRDZLbnh3WnVXUW56bnVHcmFqQ0xrdFlXClo2UXFEb3czSDNyTDVqNi9EWllUeFl5NUoxVjdvSEptYmNLTGhldnFWOXl6UEoxM0Zpa0VvOEErZGJlM09CMkEKNXoxSGQxbXBNd28rS2xHb0Ixdk5aNjhqNGFDZmVSOWZzNHA3aGovWStVRmFwL3FYVDduQ3lPRGozeWNMRys0dQpBUXJaR1VqOHZabXJ4L2hqCi0tLS0tRU5EIENFUlRJRklDQVRFLS0tLS0K\n    server: https://cmtr-2olzzm40-mod8-aks-sxjpqt9s.hcp.eastus.azmk8s.io:443\n  name: cmtr-2olzzm40-mod8-aks\ncontexts:\n- context:\n    cluster: cmtr-2olzzm40-mod8-aks\n    user: clusterUser_cmtr-2olzzm40-mod8-rg_cmtr-2olzzm40-mod8-aks\n  name: cmtr-2olzzm40-mod8-aks\ncurrent-context: cmtr-2olzzm40-mod8-aks\nkind: Config\npreferences: {}\nusers:\n- name: clusterUser_cmtr-2olzzm40-mod8-rg_cmtr-2olzzm40-mod8-aks\n  user:\n    client-certificate-data: LS0tLS1CRUdJTiBDRVJUSUZJQ0FURS0tLS0tCk1JSUZIVENDQXdXZ0F3SUJBZ0lRZHBwOFRJTGhxaVFlQWRvT0YzRE1makFOQmdrcWhraUc5dzBCQVFzRkFEQU4KTVFzd0NRWURWUVFERXdKallUQWVGdzB5TlRBMU16QXhOREkwTVRSYUZ3MHlOekExTXpBeE5ETTBNVFJhTURBeApGekFWQmdOVkJBb1REbk41YzNSbGJUcHRZWE4wWlhKek1SVXdFd1lEVlFRREV3eHRZWE4wWlhKamJHbGxiblF3CmdnSWlNQTBHQ1NxR1NJYjNEUUVCQVFVQUE0SUNEd0F3Z2dJS0FvSUNBUUM3MHNOTnpSSDdUSGJrc0dmYlliR04KYkcxMkFmQmtVcUZJbGNLQnN1Rm9TUkJLT0QzWkZvUldmbWg3ZXpPcTBuV2R6blRYUlY4clRueGlUVHRsSzFlSQozV0xRRG90b29JOTNqSVMvNXRHL0doOXhsM0xNVnJ6VWszS2xEQnQ4VXFiRUdhdjdHU0ppY1FnSGVKbkpidkpSCjVkcHI1b0ZpS0lsSXhXVitlR01KSGtld2ZuaCsreUszY1VmNEtMWmwvTHNyZVNpVHd0VndhQlYwYllsbU8rV0gKK0RXZFBaQVljNUMxU1Z0TU5mQVM3ZEtBS2F3TTRDMGZ4WGdtZUY3eCs3N252V2ZFZGJucldEWDA2M01ad2gyZgptSnpHemdsV0IrdExvbStubGoyMWx1RC9EYm9MS2JJMFY1VnEzVjdDQ0g4d3g4eWhvdG1sSlFkMDJ5SjNpM2xMCmVZNE1lcHlyQUUwcitMdnIzbUtreFE1dFFSekRqZWtEMzhUSUExMnJoQzJtRU05aUgzWHR3b0NEcXBlSHR3ZWEKc3VNT1YxZjkrOGtkVXFCMkJGVjEwT0orZWFSbTZ0MjBaSlhYdlB0YU5jcjBtdkV2bUZ0MW1vTXlnZjNmemdzMQoyUlhnZEJQVjJ0dWJ5bllHVDJtOGxXRUNPNVhITnhuMFFBYUVzaXRnRVAwa1lYbFRyTFV2eUtFZWQzdzl3dDlzCkk5clM4UXVCWW0xbVhLYkZkQ2Q5RFp3cFJYaHN2V3RPNEtySG9iR3VGL2RmS3NBWGtzSzlJNG1IOGNmc2JiREkKM1l0dllQdnczNk5iTGQrUmREaFZBSlZ1YVo3T0lxbGJmUjF1ZDJvN0NWQWlNZ0U0bDFHelJFRjBvRWh6ci93MApJS1JqNzM3QlI2SkNKOWZaM2JsdkxRSURBUUFCbzFZd1ZEQU9CZ05WSFE4QkFmOEVCQU1DQmFBd0V3WURWUjBsCkJBd3dDZ1lJS3dZQkJRVUhBd0l3REFZRFZSMFRBUUgvQkFJd0FEQWZCZ05WSFNNRUdEQVdnQlRSSkdkcGZNbjEKa3NmWWVCaEJpeHVPczIwUlZUQU5CZ2txaGtpRzl3MEJBUXNGQUFPQ0FnRUFheUZndGdBRmZsWnhGZXNPS21KVwpDb3BwYXp0THlzdFhwWU1VVTFYYTNWUnZXSTMrcWlOZmdvVGVmSWp5cUpiY0hnTThONzA1VXFlNmd2TzhNUCtOCm9FQ1UzdjlaaDFuanJEN2N2NXNESW51cnJGU0lFcE9PNis0dXNNWk4vWWJXMjNEdFBmQXkxYmswMWlNNmRBMmcKV0RsTDNsZTVPVjhNZUlHVmtRM1JhbEZkdWlveXNTL2MyNUI2OWFlQzFhQjRIRSs4TDJxTkR5M3A0ZVpRbDdSZwpxWm1ERm4vRnFmVEpBYWdhb3J6cVVMeTAweUJ3by9GOGtwak0yRFZYZFB1bmZEaW54Q0xRMC9VRm5QbDBXcTFZCmpzNlp3ZWtGVDlidDdmUDh2YlRNQjM2OWkrcW93MHZSRVU0Vm5RWE80MDBFbXVPRWpCMk1XNUY0ZlplbDRUSi8KWHcrRG5PV01PYytIeGgvYlA3SEl3ak82VVZFU0w5S3JkOFVIMlg5Y0hQZW1lUnRTUHNHbU9MbXYzc3NyOFc0cApNL2tqeXUvUk43S3R5N094OE01R2Q3Q1FnTjBBakxQOXB1ZWs4U01yc0oxWDRBSlhkeTd1Q3lBWndrVGttbitqCkRnb2J6SG1tbndQbTBxNS9XNVVZMXhNb2doaFBIWmMyK1dOMGM0eGJEdjZhVG8rMGpLa3oxRUNRWFVJcm4yYmoKUTh4cWpPcnR3eEpnamZVWnFBRTdNNUVLTGZxQk0yV1pkbWUzYUFWcDZNZmtxeGhQUTlYbWFXZjdkczA1WHp2TApvMUxONmtwK1UrTXd0dHNiblRlTFBIS0huWlpoK1RjRVhNVGNWVnN1eHo2TExHOFZwY2RpQzViSUNqMEpSRUE5CmpOeXZOby9qQU8rbGs3S09vaUNPVTVjPQotLS0tLUVORCBDRVJUSUZJQ0FURS0tLS0tCg==\n    client-key-data: LS0tLS1CRUdJTiBSU0EgUFJJVkFURSBLRVktLS0tLQpNSUlKS1FJQkFBS0NBZ0VBdTlMRFRjMFIrMHgyNUxCbjIyR3hqV3h0ZGdId1pGS2hTSlhDZ2JMaGFFa1FTamc5CjJSYUVWbjVvZTNzenF0SjFuYzUwMTBWZkswNThZazA3WlN0WGlOMWkwQTZMYUtDUGQ0eUV2K2JSdnhvZmNaZHkKekZhODFKTnlwUXdiZkZLbXhCbXIreGtpWW5FSUIzaVp5Vzd5VWVYYWErYUJZaWlKU01WbGZuaGpDUjVIc0g1NApmdnNpdDNGSCtDaTJaZnk3SzNrb2s4TFZjR2dWZEcySlpqdmxoL2cxblQyUUdIT1F0VWxiVERYd0V1M1NnQ21zCkRPQXRIOFY0Sm5oZThmdSs1NzFueEhXNTYxZzE5T3R6R2NJZG41aWN4czRKVmdmclM2SnZwNVk5dFpiZy93MjYKQ3lteU5GZVZhdDFld2doL01NZk1vYUxacFNVSGROc2lkNHQ1UzNtT0RIcWNxd0JOSy9pNzY5NWlwTVVPYlVFYwp3NDNwQTkvRXlBTmRxNFF0cGhEUFloOTE3Y0tBZzZxWGg3Y0htckxqRGxkWC9mdkpIVktnZGdSVmRkRGlmbm1rClp1cmR0R1NWMTd6N1dqWEs5SnJ4TDVoYmRacURNb0g5Mzg0TE5ka1Y0SFFUMWRyYm04cDJCazlwdkpWaEFqdVYKeHpjWjlFQUdoTElyWUJEOUpHRjVVNnkxTDhpaEhuZDhQY0xmYkNQYTB2RUxnV0p0Wmx5bXhYUW5mUTJjS1VWNApiTDFyVHVDcXg2R3hyaGYzWHlyQUY1TEN2U09KaC9ISDdHMnd5TjJMYjJENzhOK2pXeTNma1hRNFZRQ1ZibW1lCnppS3BXMzBkYm5kcU93bFFJaklCT0pkUnMwUkJkS0JJYzYvOE5DQ2tZKzkrd1VlaVFpZlgyZDI1YnkwQ0F3RUEKQVFLQ0FnQjFJSUVFc242bExORHoyZ0phTDdrT2pYQlJaL0ltVGRVZ002d2hQNUVMZkl5NURBdWRwa29PdWpPagoxWGVwN2liRXF5djMxdDM3WHExNGk5c2ZRd0VLYTZ5a1BIMjVXRzgvU1JTN3ExQmZrUVhNeTNvZWJYVENSOVQxCmtmQk4vaWpiSDNzOVVqWThGMnEvWmZqWlFlUEJLTXFtQVEvc1M0VVpLV2dhank2TFVDTzZyNU9xOUNkNUtCNk8KWmEwaE9wTHFFRnM2a2dTU1hZWUxuZ2RTQnNZam5haXBqdXVlSStzNDhpOEovcFRnNlFnZFBsOTVoQTcvd2lBawpOV3BZRXZyQS96K0hwemF5eWNhVUhvUWZxd3JZTE02UHQ0cmc2SDFXSkV6bXdHMXBJVmJjRnc1T3ljakVsVjJyClQ3TTQ0eDJXS1BLMlZaek9QS0pDd0NqbFRjZnNNbHkwSk5MVk5NUFU0a2JBbDNCUWxkbDlaQzBQNndUS0xORFgKOVovd0l4NVpnNU10Vk13ZUowcTZVWEJMREpZWGREMlZ0blc3aU9FOVY3T2REczl2Y1dRVGcyMktvZGFGSHNFcwpQTEh6UHNvY0p5ekRySTZ1bGhkRnFPa1NPL0lRSzkzaXl4Q1NLa1luQlIwMWlnNVhYZHdBcWVKWmhNWXZKeHhiCk1oOWlqakt0U3VaM3NPa0xHcmx2U29ockp1YmRyVFJOZGlLQjE4dzcrSlVNZnhqbmFiQ1ZIdU1yNStOMnprMkcKdXkrdzlLdDUvYWtUQnNRMjJjL1NDeWdIcSthRnNldHh5R0NRNytCcHphc2dqWkJ4azlRWk5ZaDdKUVhFdTdmWQpQVzhTL3RzVTl5Mkd5TUQ4R3FUSjVNU1lPblg1UG5WWFpyN3FCRlI4Q0R4RG5kTXZiUUtDQVFFQXdEKzZydzU2ClFpdnlBaSt4M21aQUoxMm0yNlVBNm4vV2JEV3RNRThoSjF3NmZBVnNnb29VN05sdVNDbmc3NVlVa1g0KzQwNVYKcVViRGFYMWFkdnpiMFltTTJ3eVhpdWtQOEtaTkJKbjVhK3hjb1l3ZUNCdkVhT2tXaUhpVG53OGQ1UndaYUU1SAo5RnpzSFlMeWttbXUzWmo2MnE1NmcwUWh0N2xiWHB6RlVPR2ZaellPZ1YxV25ZYU8yTnZLaHB2RHBqd1pYSmh2ClZ4S1BITVZQb0Eza3N4ek53TkpjVmwyRzQrOFBvSGhiU1hYMkZyL3FXdUhDVjVLNzh1NE9BQkd6RWczdmZRTC8KNkdKd0U1cDRGRVAyc0t2M2p3bW4rK1dLbzF2TmZiaGR1SEhvUUdlMURQTFcyNDlxVDc3K1lnVnBNRGZYTnlOWQpCRWFtZFNLR1k4MEZ4d0tDQVFFQStodFZsbmdJNU9qU2NlWXFLZCtRKzNYOGt6ZDBVRldZWjJ0ZTNEUG4vc2YxCkwva2RZZnMwMlZTUXJSV0lyb1M0L0MrV0RvV2JvTFdXc2pQdkcyUE13dVc3Y2l6Y0RQVXhvakZoeDdUKzEyRG8KbFM5b0ZiNC9WNXpCRSs1WlRORmlyUHlDdnBxdXY5TmlrOSttQ3Z5WmVpWDcrcG5rMVZ5UTRuNExDWkJrU0RJbAozTmU0cDU3MHlaVnZGQ3ZFazUxUFdzL0N6Y3U4Z2pmcndqMHJkbDdZaGd0VkNEVTRqY3M1QldUcHg1ZmV3TGpoCkswaURxVXhOUDUzbWQ0c3g5VDJDSlRVYVpDRkZ6VElKalE1K3c3YTJOOStDdTRjdXVUd1BPdHNoSlZpV3B6RE0KWkhvUUhSS3E1cnQrMVIydWFZNHBnTGRIY21zZyszVWMwdjgzVnBQVGF3S0NBUUExVTdneUJOOE82ZWU0aVloYQpPNXpDRHExUk1nVCtCelh3VURkWk5pbnBKQ0VvODh3MHJaNitVRlhSK0tQbmNZY0ZFTExiRklpWWF3T2JpR1VHCnFuOURNVmQ4RDVNZHVpWnN4NFNIcVRwUm9IL1ZZK3VVcmpjZUxzSE1XejMvbWc3ZDFaeUtuV1JDT1dCWmsxQTgKSXNxWnQyeW1LazNiaVpPY3hmSzlYTmt5NVZMMUt6NTh6ZXBQeWRwbjl4ZkhuUDk1WmlSVzFnWFVibFo2VVpVVAp2YWJadER5eXB1ZHNJWWRnUkpqZUYyU2pEUENWUU9qK0NxK0E0VGYzVytkUVI1aVhnbndTL2prRU9nSUN2ZzllCjk3Yy9MSVNBRGRxbCtmY3A5ellhRUlFV3Y2bi82NFNDTWY0OWF4dS9RU2lKQWgwNmZkTFovWmpWbnM5Zm9KTU0KcmZ0VEFvSUJBUURLSnN2UDJlZCtkZnlhMlNsZFBQbW5kaDhYTXF4TnZsRjN6ZDRYWjlEdEt0dXYwYytCQVpVZQowRzQ3cC9zWTYrZkUxZ1dZYVQ5Mzd5NEZqVnFITGV3ejM1SFpZQTdnWGxLbXdQbENmTFc2aWZhVGxvU3ZobDBXClNIbjZ6UnphclNidm9RMWdXQkJFdGV1b2tBMWFOZjhyTG9aemNHMzRVbUE4NFJtMHVrT0Q0eHlkV3JOQ3NJVTAKWmhjcEc1TkFxTmFhRlBGa2UzYzdYVTJ1YXRpMVRVWC9XaXQ1ZmVMZklOSk8zTmprWFlsTEJtUGhJelJmNDI5UQpxeVM3blFOZE1FRUFKK0xUNmR6TVZOUkpjZHpkL2RGY2FjajJIL2FRKzgxbmlmUkpoa2dHakxlM3dyMUJjblEyCkdIZ1VjM0FrbXlaS2hsazJUd2FTbUg4YXYvUVBnMTVQQW9JQkFRQ1N2VVdzN2Z2VzRoYVZVRW5VUWxIUUdpdFgKOGc3NTlWUnRsbWd4SmVraU9iUzBteUw1Ynd6amZOclRYR2RZQnFkYWNpMzdidjV5cnd6d1RnYlF2QndEdEx3OApSdVZYVmdzRFEzcDErc2I4VVpSYitrTG9qV244bkhDWkdydGY5cmdLcVNCZW4xNDlRZmMrNnZYNXIycFBpU0J5ClR2dVkwdTNsTkRqRmRMTC9KemFJRG5kQnJ2R3BtLzJjVm1DS0N6OU1Ud3Y5WUNxL1dzbHFpS2p0Rk1nY1dLOWkKYmlESHVmK0dZL0NXY2tFZUhPcGxLNFNtYVpLVTUwQm1kSm1vMFQ5aGcrZEx4UnZWYVlnT0xHWnVEWDdMZWQwQgpLaWRFNVFSaS9WN1NvTHlpczdOVCtIZFpFVGFmSEtCTk1RWkxaU2VaMjdpRUtMNGVZTnorcUo1RmdtbFYKLS0tLS1FTkQgUlNBIFBSSVZBVEUgS0VZLS0tLS0K\n    token: 5509r5ymym77uww297gxbzac6zpo7cjn5saz5vmle4fhf45mk8kyps6d6no8sl8fryk1kz3s0rhexwlg2oxsoqltiznywcx604pjwgi4kaefurd5yocu8ypqs2ytxc8o\n",
            "kubelet_identity": [
              {
                "client_id": "98bb9499-395a-4b64-8d2d-e33757065ba2",
                "object_id": "fb8b8744-a24b-44b8-9faa-398c39729c49",
                "user_assigned_identity_id": "/subscriptions/7e6a661c-8f9f-4149-b0df-5a01abea0a8e/resourceGroups/MC_cmtr-2olzzm40-mod8-rg_cmtr-2olzzm40-mod8-aks_eastus/providers/Microsoft.ManagedIdentity/userAssignedIdentities/cmtr-2olzzm40-mod8-aks-agentpool"
              }
            ],
            "kubernetes_version": "1.31",
            "linux_profile": [],
            "local_account_disabled": false,
            "location": "eastus",
            "maintenance_window": [],
            "maintenance_window_auto_upgrade": [],
            "maintenance_window_node_os": [],
            "microsoft_defender": [],
            "monitor_metrics": [],
            "name": "cmtr-2olzzm40-mod8-aks",
            "network_profile": [
              {
                "dns_service_ip": "10.0.0.10",
                "docker_bridge_cidr": "",
                "ebpf_data_plane": "",
                "ip_versions": [
                  "IPv4"
                ],
                "load_balancer_profile": [
                  {
                    "effective_outbound_ips": [
                      "/subscriptions/7e6a661c-8f9f-4149-b0df-5a01abea0a8e/resourceGroups/MC_cmtr-2olzzm40-mod8-rg_cmtr-2olzzm40-mod8-aks_eastus/providers/Microsoft.Network/publicIPAddresses/6c145a30-304a-4574-8276-ce7e3ffb5b0e"
                    ],
                    "idle_timeout_in_minutes": 0,
                    "managed_outbound_ip_count": 1,
                    "managed_outbound_ipv6_count": 0,
                    "outbound_ip_address_ids": [],
                    "outbound_ip_prefix_ids": [],
                    "outbound_ports_allocated": 0
                  }
                ],
                "load_balancer_sku": "standard",
                "nat_gateway_profile": [],
                "network_data_plane": "azure",
                "network_mode": "",
                "network_plugin": "azure",
                "network_plugin_mode": "overlay",
                "network_policy": "",
                "outbound_ip_address_ids": [],
                "outbound_ip_prefix_ids": [],
                "outbound_type": "loadBalancer",
                "pod_cidr": "10.244.0.0/16",
                "pod_cidrs": [
                  "10.244.0.0/16"
                ],
                "service_cidr": "10.0.0.0/16",
                "service_cidrs": [
                  "10.0.0.0/16"
                ]
              }
            ],
            "node_os_channel_upgrade": null,
            "node_resource_group": "MC_cmtr-2olzzm40-mod8-rg_cmtr-2olzzm40-mod8-aks_eastus",
            "node_resource_group_id": "/subscriptions/7e6a661c-8f9f-4149-b0df-5a01abea0a8e/resourceGroups/MC_cmtr-2olzzm40-mod8-rg_cmtr-2olzzm40-mod8-aks_eastus",
            "oidc_issuer_enabled": false,
            "oidc_issuer_url": "",
            "oms_agent": [],
            "open_service_mesh_enabled": false,
            "portal_fqdn": "cmtr-2olzzm40-mod8-aks-sxjpqt9s.portal.hcp.eastus.azmk8s.io",
            "private_cluster_enabled": false,
            "private_cluster_public_fqdn_enabled": false,
            "private_dns_zone_id": "",
            "private_fqdn": "",
            "public_network_access_enabled": true,
            "resource_group_name": "cmtr-2olzzm40-mod8-rg",
            "role_based_access_control_enabled": true,
            "run_command_enabled": true,
            "service_mesh_profile": [],
            "service_principal": [],
            "sku_tier": "Free",
            "storage_profile": [],
            "support_plan": "KubernetesOfficial",
            "tags": {
              "Creator": "megha_kumari1@epam.com"
            },
            "timeouts": null,
            "web_app_routing": [],
            "windows_profile": [],
            "workload_autoscaler_profile": [],
            "workload_identity_enabled": false
          },
          "sensitive_attributes": [
            [
              {
                "type": "get_attr",
                "value": "kube_admin_config_raw"
              }
            ],
            [
              {
                "type": "get_attr",
                "value": "kube_config_raw"
              }
            ],
            [
              {
                "type": "get_attr",
                "value": "kube_config"
              }
            ],
            [
              {
                "type": "get_attr",
                "value": "kube_admin_config"
              }
            ]
          ],
          "private": "eyJlMmJmYjczMC1lY2FhLTExZTYtOGY4OC0zNDM2M2JjN2M0YzAiOnsiY3JlYXRlIjo1NDAwMDAwMDAwMDAwLCJkZWxldGUiOjU0MDAwMDAwMDAwMDAsInJlYWQiOjMwMDAwMDAwMDAwMCwidXBkYXRlIjo1NDAwMDAwMDAwMDAwfSwic2NoZW1hX3ZlcnNpb24iOiIyIn0=",
          "dependencies": [
            "azurerm_resource_group.rg",
            "data.azurerm_client_config.current",
            "module.acr.azurerm_container_registry.acr",
            "module.acr.azurerm_container_registry_task.build_task",
            "module.acr.azurerm_container_registry_task_schedule_run_now.run_now",
            "module.keyvault.azurerm_key_vault.kv",
            "module.keyvault.azurerm_key_vault_access_policy.current_user"
          ]
        }
      ]
    },
    {
      "module": "module.aks",
      "mode": "managed",
      "type": "azurerm_role_assignment",
      "name": "acr_pull",
      "provider": "provider[\"registry.terraform.io/hashicorp/azurerm\"]",
      "instances": [
        {
          "schema_version": 0,
          "attributes": {
            "condition": "",
            "condition_version": "",
            "delegated_managed_identity_resource_id": "",
            "description": "",
            "id": "/subscriptions/7e6a661c-8f9f-4149-b0df-5a01abea0a8e/resourceGroups/cmtr-2olzzm40-mod8-rg/providers/Microsoft.ContainerRegistry/registries/cmtr2olzzm40mod8cr/providers/Microsoft.Authorization/roleAssignments/e993643f-82e3-036d-b52b-77cdda968276",
            "name": "e993643f-82e3-036d-b52b-77cdda968276",
            "principal_id": "fb8b8744-a24b-44b8-9faa-398c39729c49",
            "principal_type": "ServicePrincipal",
            "role_definition_id": "/subscriptions/7e6a661c-8f9f-4149-b0df-5a01abea0a8e/providers/Microsoft.Authorization/roleDefinitions/7f951dda-4ed3-4680-a7ca-43fe172d538d",
            "role_definition_name": "AcrPull",
            "scope": "/subscriptions/7e6a661c-8f9f-4149-b0df-5a01abea0a8e/resourceGroups/cmtr-2olzzm40-mod8-rg/providers/Microsoft.ContainerRegistry/registries/cmtr2olzzm40mod8cr",
            "skip_service_principal_aad_check": null,
            "timeouts": null
          },
          "sensitive_attributes": [],
          "private": "eyJlMmJmYjczMC1lY2FhLTExZTYtOGY4OC0zNDM2M2JjN2M0YzAiOnsiY3JlYXRlIjoxODAwMDAwMDAwMDAwLCJkZWxldGUiOjE4MDAwMDAwMDAwMDAsInJlYWQiOjMwMDAwMDAwMDAwMH19",
          "dependencies": [
            "azurerm_resource_group.rg",
            "data.azurerm_client_config.current",
            "module.acr.azurerm_container_registry.acr",
            "module.acr.azurerm_container_registry_task.build_task",
            "module.acr.azurerm_container_registry_task_schedule_run_now.run_now",
            "module.aks.azurerm_kubernetes_cluster.aks",
            "module.keyvault.azurerm_key_vault.kv",
            "module.keyvault.azurerm_key_vault_access_policy.current_user"
          ]
        }
      ]
    },
    {
      "module": "module.keyvault",
      "mode": "managed",
      "type": "azurerm_key_vault",
      "name": "kv",
      "provider": "provider[\"registry.terraform.io/hashicorp/azurerm\"]",
      "instances": [
        {
          "schema_version": 2,
          "attributes": {
            "access_policy": [
              {
                "application_id": "",
                "certificate_permissions": [],
                "key_permissions": [],
                "object_id": "ff6041f0-7239-4133-bbf2-c413538d1e53",
                "secret_permissions": [
                  "Get",
                  "List",
                  "Set",
                  "Delete",
                  "Purge",
                  "Recover",
                  "Backup",
                  "Restore"
                ],
                "storage_permissions": [],
                "tenant_id": "b41b72d0-4e9f-4c26-8a69-f949f367c91d"
              }
            ],
            "contact": [],
            "enable_rbac_authorization": false,
            "enabled_for_deployment": false,
            "enabled_for_disk_encryption": false,
            "enabled_for_template_deployment": false,
            "id": "/subscriptions/7e6a661c-8f9f-4149-b0df-5a01abea0a8e/resourceGroups/cmtr-2olzzm40-mod8-rg/providers/Microsoft.KeyVault/vaults/cmtr-2olzzm40-mod8-kv",
            "location": "eastus",
            "name": "cmtr-2olzzm40-mod8-kv",
            "network_acls": [
              {
                "bypass": "AzureServices",
                "default_action": "Allow",
                "ip_rules": [],
                "virtual_network_subnet_ids": []
              }
            ],
            "public_network_access_enabled": true,
            "purge_protection_enabled": false,
            "resource_group_name": "cmtr-2olzzm40-mod8-rg",
            "sku_name": "standard",
            "soft_delete_retention_days": 90,
            "tags": {
              "Creator": "megha_kumari1@epam.com"
            },
            "tenant_id": "b41b72d0-4e9f-4c26-8a69-f949f367c91d",
            "timeouts": null,
            "vault_uri": "https://cmtr-2olzzm40-mod8-kv.vault.azure.net/"
          },
          "sensitive_attributes": [],
          "private": "eyJlMmJmYjczMC1lY2FhLTExZTYtOGY4OC0zNDM2M2JjN2M0YzAiOnsiY3JlYXRlIjoxODAwMDAwMDAwMDAwLCJkZWxldGUiOjE4MDAwMDAwMDAwMDAsInJlYWQiOjMwMDAwMDAwMDAwMCwidXBkYXRlIjoxODAwMDAwMDAwMDAwfSwic2NoZW1hX3ZlcnNpb24iOiIyIn0=",
          "dependencies": [
            "azurerm_resource_group.rg",
            "data.azurerm_client_config.current"
          ]
        }
      ]
    },
    {
      "module": "module.keyvault",
      "mode": "managed",
      "type": "azurerm_key_vault_access_policy",
      "name": "current_user",
      "provider": "provider[\"registry.terraform.io/hashicorp/azurerm\"]",
      "instances": [
        {
          "schema_version": 0,
          "attributes": {
            "application_id": "",
            "certificate_permissions": [],
            "id": "/subscriptions/7e6a661c-8f9f-4149-b0df-5a01abea0a8e/resourceGroups/cmtr-2olzzm40-mod8-rg/providers/Microsoft.KeyVault/vaults/cmtr-2olzzm40-mod8-kv/objectId/ff6041f0-7239-4133-bbf2-c413538d1e53",
            "key_permissions": [],
            "key_vault_id": "/subscriptions/7e6a661c-8f9f-4149-b0df-5a01abea0a8e/resourceGroups/cmtr-2olzzm40-mod8-rg/providers/Microsoft.KeyVault/vaults/cmtr-2olzzm40-mod8-kv",
            "object_id": "ff6041f0-7239-4133-bbf2-c413538d1e53",
            "secret_permissions": [
              "Get",
              "List",
              "Set",
              "Delete",
              "Purge",
              "Recover",
              "Backup",
              "Restore"
            ],
            "storage_permissions": [],
            "tenant_id": "b41b72d0-4e9f-4c26-8a69-f949f367c91d",
            "timeouts": null
          },
          "sensitive_attributes": [],
          "private": "eyJlMmJmYjczMC1lY2FhLTExZTYtOGY4OC0zNDM2M2JjN2M0YzAiOnsiY3JlYXRlIjoxODAwMDAwMDAwMDAwLCJkZWxldGUiOjE4MDAwMDAwMDAwMDAsInJlYWQiOjMwMDAwMDAwMDAwMCwidXBkYXRlIjoxODAwMDAwMDAwMDAwfX0=",
          "dependencies": [
            "azurerm_resource_group.rg",
            "data.azurerm_client_config.current",
            "module.keyvault.azurerm_key_vault.kv"
          ]
        }
      ]
    },
    {
      "module": "module.redis",
      "mode": "managed",
      "type": "azurerm_key_vault_secret",
      "name": "redis_hostname",
      "provider": "provider[\"registry.terraform.io/hashicorp/azurerm\"]",
      "instances": [
        {
          "schema_version": 0,
          "attributes": {
            "content_type": "",
            "expiration_date": null,
            "id": "https://cmtr-2olzzm40-mod8-kv.vault.azure.net/secrets/redis-hostname/a499d1b2ab4c4065b47bff8a9e54bde4",
            "key_vault_id": "/subscriptions/7e6a661c-8f9f-4149-b0df-5a01abea0a8e/resourceGroups/cmtr-2olzzm40-mod8-rg/providers/Microsoft.KeyVault/vaults/cmtr-2olzzm40-mod8-kv",
            "name": "redis-hostname",
            "not_before_date": null,
            "resource_id": "/subscriptions/7e6a661c-8f9f-4149-b0df-5a01abea0a8e/resourceGroups/cmtr-2olzzm40-mod8-rg/providers/Microsoft.KeyVault/vaults/cmtr-2olzzm40-mod8-kv/secrets/redis-hostname/versions/a499d1b2ab4c4065b47bff8a9e54bde4",
            "resource_versionless_id": "/subscriptions/7e6a661c-8f9f-4149-b0df-5a01abea0a8e/resourceGroups/cmtr-2olzzm40-mod8-rg/providers/Microsoft.KeyVault/vaults/cmtr-2olzzm40-mod8-kv/secrets/redis-hostname",
            "tags": {},
            "timeouts": null,
            "value": "cmtr-2olzzm40-mod8-redis.redis.cache.windows.net",
            "version": "a499d1b2ab4c4065b47bff8a9e54bde4",
            "versionless_id": "https://cmtr-2olzzm40-mod8-kv.vault.azure.net/secrets/redis-hostname"
          },
          "sensitive_attributes": [
            [
              {
                "type": "get_attr",
                "value": "value"
              }
            ]
          ],
          "private": "eyJlMmJmYjczMC1lY2FhLTExZTYtOGY4OC0zNDM2M2JjN2M0YzAiOnsiY3JlYXRlIjoxODAwMDAwMDAwMDAwLCJkZWxldGUiOjE4MDAwMDAwMDAwMDAsInJlYWQiOjE4MDAwMDAwMDAwMDAsInVwZGF0ZSI6MTgwMDAwMDAwMDAwMH19",
          "dependencies": [
            "azurerm_resource_group.rg",
            "data.azurerm_client_config.current",
            "module.keyvault.azurerm_key_vault.kv",
            "module.keyvault.azurerm_key_vault_access_policy.current_user",
            "module.redis.azurerm_redis_cache.redis"
          ]
        }
      ]
    },
    {
      "module": "module.redis",
      "mode": "managed",
      "type": "azurerm_key_vault_secret",
      "name": "redis_primary_key",
      "provider": "provider[\"registry.terraform.io/hashicorp/azurerm\"]",
      "instances": [
        {
          "schema_version": 0,
          "attributes": {
            "content_type": "",
            "expiration_date": null,
            "id": "https://cmtr-2olzzm40-mod8-kv.vault.azure.net/secrets/redis-primary-key/1ec4e9be591f42128c4ff156ed6ec4b3",
            "key_vault_id": "/subscriptions/7e6a661c-8f9f-4149-b0df-5a01abea0a8e/resourceGroups/cmtr-2olzzm40-mod8-rg/providers/Microsoft.KeyVault/vaults/cmtr-2olzzm40-mod8-kv",
            "name": "redis-primary-key",
            "not_before_date": null,
            "resource_id": "/subscriptions/7e6a661c-8f9f-4149-b0df-5a01abea0a8e/resourceGroups/cmtr-2olzzm40-mod8-rg/providers/Microsoft.KeyVault/vaults/cmtr-2olzzm40-mod8-kv/secrets/redis-primary-key/versions/1ec4e9be591f42128c4ff156ed6ec4b3",
            "resource_versionless_id": "/subscriptions/7e6a661c-8f9f-4149-b0df-5a01abea0a8e/resourceGroups/cmtr-2olzzm40-mod8-rg/providers/Microsoft.KeyVault/vaults/cmtr-2olzzm40-mod8-kv/secrets/redis-primary-key",
            "tags": {},
            "timeouts": null,
            "value": "zTWHsg9Q5DEIIlT4LdW8GemWeT4gaBD0oAzCaNAUik4=",
            "version": "1ec4e9be591f42128c4ff156ed6ec4b3",
            "versionless_id": "https://cmtr-2olzzm40-mod8-kv.vault.azure.net/secrets/redis-primary-key"
          },
          "sensitive_attributes": [
            [
              {
                "type": "get_attr",
                "value": "value"
              }
            ]
          ],
          "private": "eyJlMmJmYjczMC1lY2FhLTExZTYtOGY4OC0zNDM2M2JjN2M0YzAiOnsiY3JlYXRlIjoxODAwMDAwMDAwMDAwLCJkZWxldGUiOjE4MDAwMDAwMDAwMDAsInJlYWQiOjE4MDAwMDAwMDAwMDAsInVwZGF0ZSI6MTgwMDAwMDAwMDAwMH19",
          "dependencies": [
            "azurerm_resource_group.rg",
            "data.azurerm_client_config.current",
            "module.keyvault.azurerm_key_vault.kv",
            "module.keyvault.azurerm_key_vault_access_policy.current_user",
            "module.redis.azurerm_redis_cache.redis"
          ]
        }
      ]
    },
    {
      "module": "module.redis",
      "mode": "managed",
      "type": "azurerm_redis_cache",
      "name": "redis",
      "provider": "provider[\"registry.terraform.io/hashicorp/azurerm\"]",
      "instances": [
        {
          "schema_version": 1,
          "attributes": {
            "capacity": 2,
            "enable_non_ssl_port": false,
            "family": "C",
            "hostname": "cmtr-2olzzm40-mod8-redis.redis.cache.windows.net",
            "id": "/subscriptions/7e6a661c-8f9f-4149-b0df-5a01abea0a8e/resourceGroups/cmtr-2olzzm40-mod8-rg/providers/Microsoft.Cache/redis/cmtr-2olzzm40-mod8-redis",
            "identity": [],
            "location": "eastus",
            "minimum_tls_version": "1.2",
            "name": "cmtr-2olzzm40-mod8-redis",
            "non_ssl_port_enabled": false,
            "patch_schedule": [],
            "port": 6379,
            "primary_access_key": "zTWHsg9Q5DEIIlT4LdW8GemWeT4gaBD0oAzCaNAUik4=",
            "primary_connection_string": "cmtr-2olzzm40-mod8-redis.redis.cache.windows.net:6380,password=zTWHsg9Q5DEIIlT4LdW8GemWeT4gaBD0oAzCaNAUik4=,ssl=true,abortConnect=False",
            "private_static_ip_address": "",
            "public_network_access_enabled": true,
            "redis_configuration": [
              {
                "active_directory_authentication_enabled": false,
                "aof_backup_enabled": false,
                "aof_storage_connection_string_0": "",
                "aof_storage_connection_string_1": "",
                "authentication_enabled": true,
                "data_persistence_authentication_method": "",
                "enable_authentication": true,
                "maxclients": 2000,
                "maxfragmentationmemory_reserved": 299,
                "maxmemory_delta": 299,
                "maxmemory_policy": "",
                "maxmemory_reserved": 299,
                "notify_keyspace_events": "",
                "rdb_backup_enabled": false,
                "rdb_backup_frequency": 0,
                "rdb_backup_max_snapshot_count": 0,
                "rdb_storage_connection_string": "",
                "storage_account_subscription_id": ""
              }
            ],
            "redis_version": "6.0",
            "replicas_per_master": 0,
            "replicas_per_primary": 0,
            "resource_group_name": "cmtr-2olzzm40-mod8-rg",
            "secondary_access_key": "ZChQpVTjvLJxGwbksgl17vPD3vfGYs0mkAzCaFRzu0c=",
            "secondary_connection_string": "cmtr-2olzzm40-mod8-redis.redis.cache.windows.net:6380,password=ZChQpVTjvLJxGwbksgl17vPD3vfGYs0mkAzCaFRzu0c=,ssl=true,abortConnect=False",
            "shard_count": 0,
            "sku_name": "Basic",
            "ssl_port": 6380,
            "subnet_id": "",
            "tags": {
              "Creator": "megha_kumari1@epam.com"
            },
            "tenant_settings": {},
            "timeouts": null,
            "zones": []
          },
          "sensitive_attributes": [
            [
              {
                "type": "get_attr",
                "value": "secondary_connection_string"
              }
            ],
            [
              {
                "type": "get_attr",
                "value": "primary_connection_string"
              }
            ],
            [
              {
                "type": "get_attr",
                "value": "secondary_access_key"
              }
            ],
            [
              {
                "type": "get_attr",
                "value": "primary_access_key"
              }
            ],
            [
              {
                "type": "get_attr",
                "value": "redis_configuration"
              },
              {
                "type": "index",
                "value": {
                  "value": 0,
                  "type": "number"
                }
              },
              {
                "type": "get_attr",
                "value": "aof_storage_connection_string_0"
              }
            ],
            [
              {
                "type": "get_attr",
                "value": "redis_configuration"
              },
              {
                "type": "index",
                "value": {
                  "value": 0,
                  "type": "number"
                }
              },
              {
                "type": "get_attr",
                "value": "aof_storage_connection_string_1"
              }
            ],
            [
              {
                "type": "get_attr",
                "value": "redis_configuration"
              },
              {
                "type": "index",
                "value": {
                  "value": 0,
                  "type": "number"
                }
              },
              {
                "type": "get_attr",
                "value": "rdb_storage_connection_string"
              }
            ]
          ],
          "private": "eyJlMmJmYjczMC1lY2FhLTExZTYtOGY4OC0zNDM2M2JjN2M0YzAiOnsiY3JlYXRlIjoxMDgwMDAwMDAwMDAwMCwiZGVsZXRlIjoxMDgwMDAwMDAwMDAwMCwicmVhZCI6MzAwMDAwMDAwMDAwLCJ1cGRhdGUiOjEwODAwMDAwMDAwMDAwfSwic2NoZW1hX3ZlcnNpb24iOiIxIn0=",
          "dependencies": [
            "azurerm_resource_group.rg",
            "data.azurerm_client_config.current",
            "module.keyvault.azurerm_key_vault.kv",
            "module.keyvault.azurerm_key_vault_access_policy.current_user"
          ]
        }
      ]
    }
  ],
  "check_results": null
}
