{
  "version": 4,
  "terraform_version": "1.11.4",
  "serial": 27,
  "lineage": "cf3d7982-fa3e-b6ba-d37b-a5eb535e4e77",
  "outputs": {},
  "resources": [
    {
      "mode": "data",
      "type": "azurerm_client_config",
      "name": "current",
      "provider": "provider[\"registry.terraform.io/hashicorp/azurerm\"]",
      "instances": [
        {
          "schema_version": 0,
          "attributes": {
            "client_id": "04b07795-8ddb-461a-bbee-02f9e1bf7b46",
            "id": "Y2xpZW50Q29uZmlncy9jbGllbnRJZD0wNGIwNzc5NS04ZGRiLTQ2MWEtYmJlZS0wMmY5ZTFiZjdiNDY7b2JqZWN0SWQ9ZmY2MDQxZjAtNzIzOS00MTMzLWJiZjItYzQxMzUzOGQxZTUzO3N1YnNjcmlwdGlvbklkPTdlNmE2NjFjLThmOWYtNDE0OS1iMGRmLTVhMDFhYmVhMGE4ZTt0ZW5hbnRJZD1iNDFiNzJkMC00ZTlmLTRjMjYtOGE2OS1mOTQ5ZjM2N2M5MWQ=",
            "object_id": "ff6041f0-7239-4133-bbf2-c413538d1e53",
            "subscription_id": "7e6a661c-8f9f-4149-b0df-5a01abea0a8e",
            "tenant_id": "b41b72d0-4e9f-4c26-8a69-f949f367c91d",
            "timeouts": null
          },
          "sensitive_attributes": []
        }
      ]
    },
    {
      "mode": "managed",
      "type": "azurerm_resource_group",
      "name": "rg",
      "provider": "provider[\"registry.terraform.io/hashicorp/azurerm\"]",
      "instances": [
        {
          "schema_version": 0,
          "attributes": {
            "id": "/subscriptions/7e6a661c-8f9f-4149-b0df-5a01abea0a8e/resourceGroups/cmtr-2olzzm40-mod8-rg",
            "location": "eastus",
            "managed_by": "",
            "name": "cmtr-2olzzm40-mod8-rg",
            "tags": {
              "Creator": "megha_kumari1@epam.com"
            },
            "timeouts": null
          },
          "sensitive_attributes": [],
          "private": "eyJlMmJmYjczMC1lY2FhLTExZTYtOGY4OC0zNDM2M2JjN2M0YzAiOnsiY3JlYXRlIjo1NDAwMDAwMDAwMDAwLCJkZWxldGUiOjU0MDAwMDAwMDAwMDAsInJlYWQiOjMwMDAwMDAwMDAwMCwidXBkYXRlIjo1NDAwMDAwMDAwMDAwfX0="
        }
      ]
    },
    {
      "module": "module.acr",
      "mode": "managed",
      "type": "azurerm_container_registry",
      "name": "acr",
      "provider": "provider[\"registry.terraform.io/hashicorp/azurerm\"]",
      "instances": [
        {
          "schema_version": 2,
          "attributes": {
            "admin_enabled": true,
            "admin_password": "8elRpOlT+/Bs6XO93zwb3ZDLbU99EIU0f0zHPzhzHe+ACRAEeXFC",
            "admin_username": "cmtr2olzzm40mod8cr",
            "anonymous_pull_enabled": false,
            "data_endpoint_enabled": false,
            "encryption": [
              {
                "enabled": false,
                "identity_client_id": "",
                "key_vault_key_id": ""
              }
            ],
            "export_policy_enabled": true,
            "georeplications": [],
            "id": "/subscriptions/7e6a661c-8f9f-4149-b0df-5a01abea0a8e/resourceGroups/cmtr-2olzzm40-mod8-rg/providers/Microsoft.ContainerRegistry/registries/cmtr2olzzm40mod8cr",
            "identity": [],
            "location": "eastus",
            "login_server": "cmtr2olzzm40mod8cr.azurecr.io",
            "name": "cmtr2olzzm40mod8cr",
            "network_rule_bypass_option": "AzureServices",
            "network_rule_set": [],
            "public_network_access_enabled": true,
            "quarantine_policy_enabled": false,
            "resource_group_name": "cmtr-2olzzm40-mod8-rg",
            "retention_policy": [
              {
                "days": 7,
                "enabled": false
              }
            ],
            "sku": "Basic",
            "tags": {
              "Creator": "megha_kumari1@epam.com"
            },
            "timeouts": null,
            "trust_policy": [
              {
                "enabled": false
              }
            ],
            "zone_redundancy_enabled": false
          },
          "sensitive_attributes": [
            [
              {
                "type": "get_attr",
                "value": "admin_password"
              }
            ]
          ],
          "private": "eyJlMmJmYjczMC1lY2FhLTExZTYtOGY4OC0zNDM2M2JjN2M0YzAiOnsiY3JlYXRlIjoxODAwMDAwMDAwMDAwLCJkZWxldGUiOjE4MDAwMDAwMDAwMDAsInJlYWQiOjMwMDAwMDAwMDAwMCwidXBkYXRlIjoxODAwMDAwMDAwMDAwfSwic2NoZW1hX3ZlcnNpb24iOiIyIn0=",
          "dependencies": [
            "azurerm_resource_group.rg"
          ]
        }
      ]
    },
    {
      "module": "module.acr",
      "mode": "managed",
      "type": "azurerm_container_registry_task",
      "name": "build_task",
      "provider": "provider[\"registry.terraform.io/hashicorp/azurerm\"]",
      "instances": [
        {
          "schema_version": 0,
          "attributes": {
            "agent_pool_name": "",
            "agent_setting": [],
            "base_image_trigger": [],
            "container_registry_id": "/subscriptions/7e6a661c-8f9f-4149-b0df-5a01abea0a8e/resourceGroups/cmtr-2olzzm40-mod8-rg/providers/Microsoft.ContainerRegistry/registries/cmtr2olzzm40mod8cr",
            "docker_step": [
              {
                "arguments": null,
                "cache_enabled": true,
                "context_access_token": "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",
                "context_path": "https://github.com/Megha0404/Task081.git",
                "dockerfile_path": "task08/application/Dockerfile",
                "image_names": [
                  "cmtr-2olzzm40-mod8-app:{{.Run.ID}}"
                ],
                "push_enabled": true,
                "secret_arguments": null,
                "target": ""
              }
            ],
            "enabled": true,
            "encoded_step": [],
            "file_step": [],
            "id": "/subscriptions/7e6a661c-8f9f-4149-b0df-5a01abea0a8e/resourceGroups/cmtr-2olzzm40-mod8-rg/providers/Microsoft.ContainerRegistry/registries/cmtr2olzzm40mod8cr/tasks/cmtr2olzzm40mod8cr-build-task",
            "identity": [],
            "is_system_task": false,
            "log_template": "",
            "name": "cmtr2olzzm40mod8cr-build-task",
            "platform": [
              {
                "architecture": "",
                "os": "Linux",
                "variant": ""
              }
            ],
            "registry_credential": [],
            "source_trigger": [],
            "tags": null,
            "timeout_in_seconds": 3600,
            "timeouts": null,
            "timer_trigger": [
              {
                "enabled": true,
                "name": "build-schedule",
                "schedule": "0 0 * * *"
              }
            ]
          },
          "sensitive_attributes": [
            [
              {
                "type": "get_attr",
                "value": "docker_step"
              },
              {
                "type": "index",
                "value": {
                  "value": 0,
                  "type": "number"
                }
              },
              {
                "type": "get_attr",
                "value": "secret_arguments"
              }
            ],
            [
              {
                "type": "get_attr",
                "value": "docker_step"
              },
              {
                "type": "index",
                "value": {
                  "value": 0,
                  "type": "number"
                }
              },
              {
                "type": "get_attr",
                "value": "context_access_token"
              }
            ]
          ],
          "private": "eyJlMmJmYjczMC1lY2FhLTExZTYtOGY4OC0zNDM2M2JjN2M0YzAiOnsiY3JlYXRlIjoxODAwMDAwMDAwMDAwLCJkZWxldGUiOjE4MDAwMDAwMDAwMDAsInJlYWQiOjMwMDAwMDAwMDAwMCwidXBkYXRlIjoxODAwMDAwMDAwMDAwfX0=",
          "dependencies": [
            "azurerm_resource_group.rg",
            "module.acr.azurerm_container_registry.acr"
          ]
        }
      ]
    },
    {
      "module": "module.keyvault",
      "mode": "managed",
      "type": "azurerm_key_vault",
      "name": "kv",
      "provider": "provider[\"registry.terraform.io/hashicorp/azurerm\"]",
      "instances": [
        {
          "schema_version": 2,
          "attributes": {
            "access_policy": [],
            "contact": [],
            "enable_rbac_authorization": false,
            "enabled_for_deployment": false,
            "enabled_for_disk_encryption": false,
            "enabled_for_template_deployment": false,
            "id": "/subscriptions/7e6a661c-8f9f-4149-b0df-5a01abea0a8e/resourceGroups/cmtr-2olzzm40-mod8-rg/providers/Microsoft.KeyVault/vaults/cmtr-2olzzm40-mod8-kv",
            "location": "eastus",
            "name": "cmtr-2olzzm40-mod8-kv",
            "network_acls": [
              {
                "bypass": "AzureServices",
                "default_action": "Allow",
                "ip_rules": [],
                "virtual_network_subnet_ids": []
              }
            ],
            "public_network_access_enabled": true,
            "purge_protection_enabled": false,
            "resource_group_name": "cmtr-2olzzm40-mod8-rg",
            "sku_name": "standard",
            "soft_delete_retention_days": 90,
            "tags": {
              "Creator": "megha_kumari1@epam.com"
            },
            "tenant_id": "b41b72d0-4e9f-4c26-8a69-f949f367c91d",
            "timeouts": null,
            "vault_uri": "https://cmtr-2olzzm40-mod8-kv.vault.azure.net/"
          },
          "sensitive_attributes": [],
          "private": "eyJlMmJmYjczMC1lY2FhLTExZTYtOGY4OC0zNDM2M2JjN2M0YzAiOnsiY3JlYXRlIjoxODAwMDAwMDAwMDAwLCJkZWxldGUiOjE4MDAwMDAwMDAwMDAsInJlYWQiOjMwMDAwMDAwMDAwMCwidXBkYXRlIjoxODAwMDAwMDAwMDAwfSwic2NoZW1hX3ZlcnNpb24iOiIyIn0=",
          "dependencies": [
            "azurerm_resource_group.rg",
            "data.azurerm_client_config.current"
          ]
        }
      ]
    },
    {
      "module": "module.keyvault",
      "mode": "managed",
      "type": "azurerm_key_vault_access_policy",
      "name": "current_user",
      "provider": "provider[\"registry.terraform.io/hashicorp/azurerm\"]",
      "instances": [
        {
          "schema_version": 0,
          "attributes": {
            "application_id": null,
            "certificate_permissions": null,
            "id": "/subscriptions/7e6a661c-8f9f-4149-b0df-5a01abea0a8e/resourceGroups/cmtr-2olzzm40-mod8-rg/providers/Microsoft.KeyVault/vaults/cmtr-2olzzm40-mod8-kv/objectId/ff6041f0-7239-4133-bbf2-c413538d1e53",
            "key_permissions": null,
            "key_vault_id": "/subscriptions/7e6a661c-8f9f-4149-b0df-5a01abea0a8e/resourceGroups/cmtr-2olzzm40-mod8-rg/providers/Microsoft.KeyVault/vaults/cmtr-2olzzm40-mod8-kv",
            "object_id": "ff6041f0-7239-4133-bbf2-c413538d1e53",
            "secret_permissions": [
              "Get",
              "List",
              "Set",
              "Delete",
              "Purge",
              "Recover",
              "Backup",
              "Restore"
            ],
            "storage_permissions": null,
            "tenant_id": "b41b72d0-4e9f-4c26-8a69-f949f367c91d",
            "timeouts": null
          },
          "sensitive_attributes": [],
          "private": "eyJlMmJmYjczMC1lY2FhLTExZTYtOGY4OC0zNDM2M2JjN2M0YzAiOnsiY3JlYXRlIjoxODAwMDAwMDAwMDAwLCJkZWxldGUiOjE4MDAwMDAwMDAwMDAsInJlYWQiOjMwMDAwMDAwMDAwMCwidXBkYXRlIjoxODAwMDAwMDAwMDAwfX0=",
          "dependencies": [
            "azurerm_resource_group.rg",
            "data.azurerm_client_config.current",
            "module.keyvault.azurerm_key_vault.kv"
          ]
        }
      ]
    },
    {
      "module": "module.redis",
      "mode": "managed",
      "type": "azurerm_key_vault_secret",
      "name": "redis_hostname",
      "provider": "provider[\"registry.terraform.io/hashicorp/azurerm\"]",
      "instances": [
        {
          "schema_version": 0,
          "attributes": {
            "content_type": "",
            "expiration_date": null,
            "id": "https://cmtr-2olzzm40-mod8-kv.vault.azure.net/secrets/redis-hostname/a1a87a052de44e5d84002358c51efc3a",
            "key_vault_id": "/subscriptions/7e6a661c-8f9f-4149-b0df-5a01abea0a8e/resourceGroups/cmtr-2olzzm40-mod8-rg/providers/Microsoft.KeyVault/vaults/cmtr-2olzzm40-mod8-kv",
            "name": "redis-hostname",
            "not_before_date": null,
            "resource_id": "/subscriptions/7e6a661c-8f9f-4149-b0df-5a01abea0a8e/resourceGroups/cmtr-2olzzm40-mod8-rg/providers/Microsoft.KeyVault/vaults/cmtr-2olzzm40-mod8-kv/secrets/redis-hostname/versions/a1a87a052de44e5d84002358c51efc3a",
            "resource_versionless_id": "/subscriptions/7e6a661c-8f9f-4149-b0df-5a01abea0a8e/resourceGroups/cmtr-2olzzm40-mod8-rg/providers/Microsoft.KeyVault/vaults/cmtr-2olzzm40-mod8-kv/secrets/redis-hostname",
            "tags": null,
            "timeouts": null,
            "value": "cmtr-2olzzm40-mod8-redis.redis.cache.windows.net",
            "version": "a1a87a052de44e5d84002358c51efc3a",
            "versionless_id": "https://cmtr-2olzzm40-mod8-kv.vault.azure.net/secrets/redis-hostname"
          },
          "sensitive_attributes": [
            [
              {
                "type": "get_attr",
                "value": "value"
              }
            ]
          ],
          "private": "eyJlMmJmYjczMC1lY2FhLTExZTYtOGY4OC0zNDM2M2JjN2M0YzAiOnsiY3JlYXRlIjoxODAwMDAwMDAwMDAwLCJkZWxldGUiOjE4MDAwMDAwMDAwMDAsInJlYWQiOjE4MDAwMDAwMDAwMDAsInVwZGF0ZSI6MTgwMDAwMDAwMDAwMH19",
          "dependencies": [
            "azurerm_resource_group.rg",
            "data.azurerm_client_config.current",
            "module.keyvault.azurerm_key_vault.kv",
            "module.keyvault.azurerm_key_vault_access_policy.current_user",
            "module.redis.azurerm_redis_cache.redis"
          ]
        }
      ]
    },
    {
      "module": "module.redis",
      "mode": "managed",
      "type": "azurerm_key_vault_secret",
      "name": "redis_primary_key",
      "provider": "provider[\"registry.terraform.io/hashicorp/azurerm\"]",
      "instances": [
        {
          "schema_version": 0,
          "attributes": {
            "content_type": "",
            "expiration_date": null,
            "id": "https://cmtr-2olzzm40-mod8-kv.vault.azure.net/secrets/redis-primary-key/97be4250a6ce413a882936b2f89c4e09",
            "key_vault_id": "/subscriptions/7e6a661c-8f9f-4149-b0df-5a01abea0a8e/resourceGroups/cmtr-2olzzm40-mod8-rg/providers/Microsoft.KeyVault/vaults/cmtr-2olzzm40-mod8-kv",
            "name": "redis-primary-key",
            "not_before_date": null,
            "resource_id": "/subscriptions/7e6a661c-8f9f-4149-b0df-5a01abea0a8e/resourceGroups/cmtr-2olzzm40-mod8-rg/providers/Microsoft.KeyVault/vaults/cmtr-2olzzm40-mod8-kv/secrets/redis-primary-key/versions/97be4250a6ce413a882936b2f89c4e09",
            "resource_versionless_id": "/subscriptions/7e6a661c-8f9f-4149-b0df-5a01abea0a8e/resourceGroups/cmtr-2olzzm40-mod8-rg/providers/Microsoft.KeyVault/vaults/cmtr-2olzzm40-mod8-kv/secrets/redis-primary-key",
            "tags": null,
            "timeouts": null,
            "value": "ditlaDFT37hFgT9tLUDNRUicy9VYmoHeBAzCaE7Z26U=",
            "version": "97be4250a6ce413a882936b2f89c4e09",
            "versionless_id": "https://cmtr-2olzzm40-mod8-kv.vault.azure.net/secrets/redis-primary-key"
          },
          "sensitive_attributes": [
            [
              {
                "type": "get_attr",
                "value": "value"
              }
            ]
          ],
          "private": "eyJlMmJmYjczMC1lY2FhLTExZTYtOGY4OC0zNDM2M2JjN2M0YzAiOnsiY3JlYXRlIjoxODAwMDAwMDAwMDAwLCJkZWxldGUiOjE4MDAwMDAwMDAwMDAsInJlYWQiOjE4MDAwMDAwMDAwMDAsInVwZGF0ZSI6MTgwMDAwMDAwMDAwMH19",
          "dependencies": [
            "azurerm_resource_group.rg",
            "data.azurerm_client_config.current",
            "module.keyvault.azurerm_key_vault.kv",
            "module.keyvault.azurerm_key_vault_access_policy.current_user",
            "module.redis.azurerm_redis_cache.redis"
          ]
        }
      ]
    },
    {
      "module": "module.redis",
      "mode": "managed",
      "type": "azurerm_redis_cache",
      "name": "redis",
      "provider": "provider[\"registry.terraform.io/hashicorp/azurerm\"]",
      "instances": [
        {
          "schema_version": 1,
          "attributes": {
            "capacity": 2,
            "enable_non_ssl_port": false,
            "family": "C",
            "hostname": "cmtr-2olzzm40-mod8-redis.redis.cache.windows.net",
            "id": "/subscriptions/7e6a661c-8f9f-4149-b0df-5a01abea0a8e/resourceGroups/cmtr-2olzzm40-mod8-rg/providers/Microsoft.Cache/redis/cmtr-2olzzm40-mod8-redis",
            "identity": [],
            "location": "eastus",
            "minimum_tls_version": "1.2",
            "name": "cmtr-2olzzm40-mod8-redis",
            "non_ssl_port_enabled": false,
            "patch_schedule": [],
            "port": 6379,
            "primary_access_key": "ditlaDFT37hFgT9tLUDNRUicy9VYmoHeBAzCaE7Z26U=",
            "primary_connection_string": "cmtr-2olzzm40-mod8-redis.redis.cache.windows.net:6380,password=ditlaDFT37hFgT9tLUDNRUicy9VYmoHeBAzCaE7Z26U=,ssl=true,abortConnect=False",
            "private_static_ip_address": "",
            "public_network_access_enabled": true,
            "redis_configuration": [
              {
                "active_directory_authentication_enabled": false,
                "aof_backup_enabled": false,
                "aof_storage_connection_string_0": "",
                "aof_storage_connection_string_1": "",
                "authentication_enabled": true,
                "data_persistence_authentication_method": "",
                "enable_authentication": true,
                "maxclients": 2000,
                "maxfragmentationmemory_reserved": 299,
                "maxmemory_delta": 299,
                "maxmemory_policy": "",
                "maxmemory_reserved": 299,
                "notify_keyspace_events": "",
                "rdb_backup_enabled": false,
                "rdb_backup_frequency": 0,
                "rdb_backup_max_snapshot_count": 0,
                "rdb_storage_connection_string": "",
                "storage_account_subscription_id": ""
              }
            ],
            "redis_version": "6.0",
            "replicas_per_master": 0,
            "replicas_per_primary": 0,
            "resource_group_name": "cmtr-2olzzm40-mod8-rg",
            "secondary_access_key": "40Ump33b2CXZTUBa0d81Cy3pDeYRQ7lofAzCaAI1XZo=",
            "secondary_connection_string": "cmtr-2olzzm40-mod8-redis.redis.cache.windows.net:6380,password=40Ump33b2CXZTUBa0d81Cy3pDeYRQ7lofAzCaAI1XZo=,ssl=true,abortConnect=False",
            "shard_count": 0,
            "sku_name": "Basic",
            "ssl_port": 6380,
            "subnet_id": "",
            "tags": {
              "Creator": "megha_kumari1@epam.com"
            },
            "tenant_settings": null,
            "timeouts": null,
            "zones": null
          },
          "sensitive_attributes": [
            [
              {
                "type": "get_attr",
                "value": "secondary_connection_string"
              }
            ],
            [
              {
                "type": "get_attr",
                "value": "redis_configuration"
              },
              {
                "type": "index",
                "value": {
                  "value": 0,
                  "type": "number"
                }
              },
              {
                "type": "get_attr",
                "value": "aof_storage_connection_string_1"
              }
            ],
            [
              {
                "type": "get_attr",
                "value": "redis_configuration"
              },
              {
                "type": "index",
                "value": {
                  "value": 0,
                  "type": "number"
                }
              },
              {
                "type": "get_attr",
                "value": "aof_storage_connection_string_0"
              }
            ],
            [
              {
                "type": "get_attr",
                "value": "redis_configuration"
              },
              {
                "type": "index",
                "value": {
                  "value": 0,
                  "type": "number"
                }
              },
              {
                "type": "get_attr",
                "value": "rdb_storage_connection_string"
              }
            ],
            [
              {
                "type": "get_attr",
                "value": "primary_access_key"
              }
            ],
            [
              {
                "type": "get_attr",
                "value": "primary_connection_string"
              }
            ],
            [
              {
                "type": "get_attr",
                "value": "secondary_access_key"
              }
            ]
          ],
          "private": "eyJlMmJmYjczMC1lY2FhLTExZTYtOGY4OC0zNDM2M2JjN2M0YzAiOnsiY3JlYXRlIjoxMDgwMDAwMDAwMDAwMCwiZGVsZXRlIjoxMDgwMDAwMDAwMDAwMCwicmVhZCI6MzAwMDAwMDAwMDAwLCJ1cGRhdGUiOjEwODAwMDAwMDAwMDAwfSwic2NoZW1hX3ZlcnNpb24iOiIxIn0=",
          "dependencies": [
            "azurerm_resource_group.rg",
            "data.azurerm_client_config.current",
            "module.keyvault.azurerm_key_vault.kv",
            "module.keyvault.azurerm_key_vault_access_policy.current_user"
          ]
        }
      ]
    }
  ],
  "check_results": null
}
